// !$*UTF8*$!
{
	archiveVersion = 1;
	classes = {
	};
	objectVersion = 46;
	objects = {

/* Begin PBXBuildFile section */
		8418BB5218E1A50A00DF490A /* User.m in Sources */ = {isa = PBXBuildFile; fileRef = 8418BB5118E1A50A00DF490A /* User.m */; };
		841F41C118D20F5700D1586D /* YPOMThemes.plist in Resources */ = {isa = PBXBuildFile; fileRef = 841F41C018D20F5700D1586D /* YPOMThemes.plist */; };
		841F41C718D21D0700D1586D /* YPOMThemesTVC.m in Sources */ = {isa = PBXBuildFile; fileRef = 841F41C618D21D0700D1586D /* YPOMThemesTVC.m */; };
		841F41CA18D2213900D1586D /* YPOMUserExperienceTVC.m in Sources */ = {isa = PBXBuildFile; fileRef = 841F41C918D2213900D1586D /* YPOMUserExperienceTVC.m */; };
		842CB24918BFCCC800804D8D /* YPOM.xcdatamodeld in Sources */ = {isa = PBXBuildFile; fileRef = 842CB24718BFCCC800804D8D /* YPOM.xcdatamodeld */; };
		842CB26418BFCEAE00804D8D /* Myself+Create.m in Sources */ = {isa = PBXBuildFile; fileRef = 842CB26318BFCEAE00804D8D /* Myself+Create.m */; };
		842CB26718BFCEC900804D8D /* User+Create.m in Sources */ = {isa = PBXBuildFile; fileRef = 842CB26618BFCEC900804D8D /* User+Create.m */; };
		842CB26A18BFCEDC00804D8D /* Broker+Create.m in Sources */ = {isa = PBXBuildFile; fileRef = 842CB26918BFCEDC00804D8D /* Broker+Create.m */; };
		842CB26D18BFCEF300804D8D /* Message+Create.m in Sources */ = {isa = PBXBuildFile; fileRef = 842CB26C18BFCEF300804D8D /* Message+Create.m */; };
		842CB27B18BFEAB100804D8D /* CoreDataTVC.m in Sources */ = {isa = PBXBuildFile; fileRef = 842CB27818BFEAB100804D8D /* CoreDataTVC.m */; };
		842CB27C18BFEAB100804D8D /* YPOMUsersTVC.m in Sources */ = {isa = PBXBuildFile; fileRef = 842CB27A18BFEAB100804D8D /* YPOMUsersTVC.m */; };
		842CB28518BFFD7500804D8D /* YPOMMessagesTVC.m in Sources */ = {isa = PBXBuildFile; fileRef = 842CB28418BFFD7500804D8D /* YPOMMessagesTVC.m */; };
		842ECF4D18CFC31C00AF6268 /* ypom.entitlements in Resources */ = {isa = PBXBuildFile; fileRef = 842ECF4C18CFC31C00AF6268 /* ypom.entitlements */; };
		842ECF5F18CFD40D00AF6268 /* ioSock.c in Sources */ = {isa = PBXBuildFile; fileRef = 842ECF5118CFD40D00AF6268 /* ioSock.c */; };
		842ECF6018CFD40D00AF6268 /* NWHub.m in Sources */ = {isa = PBXBuildFile; fileRef = 842ECF5418CFD40D00AF6268 /* NWHub.m */; };
		842ECF6118CFD40D00AF6268 /* NWNotification.m in Sources */ = {isa = PBXBuildFile; fileRef = 842ECF5618CFD40D00AF6268 /* NWNotification.m */; };
		842ECF6218CFD40D00AF6268 /* NWPusher.m in Sources */ = {isa = PBXBuildFile; fileRef = 842ECF5818CFD40D00AF6268 /* NWPusher.m */; };
		842ECF6318CFD40D00AF6268 /* NWPushFeedback.m in Sources */ = {isa = PBXBuildFile; fileRef = 842ECF5A18CFD40D00AF6268 /* NWPushFeedback.m */; };
		842ECF6418CFD40D00AF6268 /* NWSecTools.m in Sources */ = {isa = PBXBuildFile; fileRef = 842ECF5C18CFD40D00AF6268 /* NWSecTools.m */; };
		842ECF6518CFD40D00AF6268 /* NWSSLConnection.m in Sources */ = {isa = PBXBuildFile; fileRef = 842ECF5E18CFD40D00AF6268 /* NWSSLConnection.m */; };
		842ECF6818CFD42F00AF6268 /* CFNetwork.framework in Frameworks */ = {isa = PBXBuildFile; fileRef = 842ECF6718CFD42F00AF6268 /* CFNetwork.framework */; };
		842ECF6A18CFD43B00AF6268 /* Security.framework in Frameworks */ = {isa = PBXBuildFile; fileRef = 842ECF6918CFD43B00AF6268 /* Security.framework */; };
		842ECF6E18CFD60200AF6268 /* ypom-dev.p12 in Resources */ = {isa = PBXBuildFile; fileRef = 842ECF6D18CFD60200AF6268 /* ypom-dev.p12 */; };
		842ECF7918D0BE5F00AF6268 /* YPOMTheme.m in Sources */ = {isa = PBXBuildFile; fileRef = 842ECF7818D0BE5F00AF6268 /* YPOMTheme.m */; };
		8454B7AA18D5F2800046624C /* AssetsLibrary.framework in Frameworks */ = {isa = PBXBuildFile; fileRef = 8454B7A918D5F2800046624C /* AssetsLibrary.framework */; };
		8454B7AF18D5F4990046624C /* AddressBookUI.framework in Frameworks */ = {isa = PBXBuildFile; fileRef = 8454B7AE18D5F4990046624C /* AddressBookUI.framework */; };
		8454B7B118D5F76E0046624C /* AddressBook.framework in Frameworks */ = {isa = PBXBuildFile; fileRef = 8454B7B018D5F76E0046624C /* AddressBook.framework */; };
		8454B7BD18D8EE090046624C /* YPOMThemes.m in Sources */ = {isa = PBXBuildFile; fileRef = 8454B7BC18D8EE090046624C /* YPOMThemes.m */; };
		8459A4C318DC423A007098EB /* Group+Create.m in Sources */ = {isa = PBXBuildFile; fileRef = 8459A4C218DC423A007098EB /* Group+Create.m */; };
		8459A4C618DC973B007098EB /* YPOMMembersTVC.m in Sources */ = {isa = PBXBuildFile; fileRef = 8459A4C518DC973B007098EB /* YPOMMembersTVC.m */; };
		8459A4C918DC975B007098EB /* YPOMGroupTVC.m in Sources */ = {isa = PBXBuildFile; fileRef = 8459A4C818DC975B007098EB /* YPOMGroupTVC.m */; };
		8459A4CC18DC977B007098EB /* YPOMInviteMembersTVC.m in Sources */ = {isa = PBXBuildFile; fileRef = 8459A4CB18DC977B007098EB /* YPOMInviteMembersTVC.m */; };
		8459A4FA18DCAFEA007098EB /* YPOMInvitation.m in Sources */ = {isa = PBXBuildFile; fileRef = 8459A4F918DCAFEA007098EB /* YPOMInvitation.m */; };
		8470C49A18C2785600133A87 /* YPOMSettingsTVC.m in Sources */ = {isa = PBXBuildFile; fileRef = 8470C49918C2785600133A87 /* YPOMSettingsTVC.m */; };
		8470C4C418C2B9DE00133A87 /* YPOMNewTVCell.m in Sources */ = {isa = PBXBuildFile; fileRef = 8470C4C318C2B9DE00133A87 /* YPOMNewTVCell.m */; };
		847A52DB18C3DE45004EF999 /* isutf8.c in Sources */ = {isa = PBXBuildFile; fileRef = 847A52DA18C3DE45004EF999 /* isutf8.c */; };
		847A5A4118C4B24F004EF999 /* base32.c in Sources */ = {isa = PBXBuildFile; fileRef = 847A5A4018C4B24F004EF999 /* base32.c */; };
		848DE88818E18C2B00D83584 /* Broker.m in Sources */ = {isa = PBXBuildFile; fileRef = 848DE88718E18C2B00D83584 /* Broker.m */; };
		848DE88B18E18C2B00D83584 /* Device.m in Sources */ = {isa = PBXBuildFile; fileRef = 848DE88A18E18C2B00D83584 /* Device.m */; };
		848DE88E18E18C2B00D83584 /* UserGroup.m in Sources */ = {isa = PBXBuildFile; fileRef = 848DE88D18E18C2B00D83584 /* UserGroup.m */; };
		848DE89118E18C2C00D83584 /* Myself.m in Sources */ = {isa = PBXBuildFile; fileRef = 848DE89018E18C2C00D83584 /* Myself.m */; };
		848DE89418E18C2C00D83584 /* Message.m in Sources */ = {isa = PBXBuildFile; fileRef = 848DE89318E18C2C00D83584 /* Message.m */; };
		848DE89718E18C2C00D83584 /* Group.m in Sources */ = {isa = PBXBuildFile; fileRef = 848DE89618E18C2C00D83584 /* Group.m */; };
		849D456618C9AC3700201BF3 /* MQTTClient.framework in Frameworks */ = {isa = PBXBuildFile; fileRef = 849D456518C9AC3700201BF3 /* MQTTClient.framework */; };
		849D456718C9D68F00201BF3 /* libsodium.a in Frameworks */ = {isa = PBXBuildFile; fileRef = 849D455D18C908A900201BF3 /* libsodium.a */; };
		849D457018CCDA2600201BF3 /* NSString+hexStringWithData.m in Sources */ = {isa = PBXBuildFile; fileRef = 849D456F18CCDA2600201BF3 /* NSString+hexStringWithData.m */; };
		849D457718CCE6EA00201BF3 /* YPOMImageVC.m in Sources */ = {isa = PBXBuildFile; fileRef = 849D457618CCE6EA00201BF3 /* YPOMImageVC.m */; };
		84A3623718DC4001009EE9C7 /* YPOMGroupsTVC.m in Sources */ = {isa = PBXBuildFile; fileRef = 84A3623618DC4001009EE9C7 /* YPOMGroupsTVC.m */; };
		84C1B37518BE8AA100C77138 /* Foundation.framework in Frameworks */ = {isa = PBXBuildFile; fileRef = 84C1B37418BE8AA100C77138 /* Foundation.framework */; };
		84C1B37718BE8AA100C77138 /* CoreGraphics.framework in Frameworks */ = {isa = PBXBuildFile; fileRef = 84C1B37618BE8AA100C77138 /* CoreGraphics.framework */; };
		84C1B37918BE8AA100C77138 /* UIKit.framework in Frameworks */ = {isa = PBXBuildFile; fileRef = 84C1B37818BE8AA100C77138 /* UIKit.framework */; };
		84C1B37F18BE8AA100C77138 /* InfoPlist.strings in Resources */ = {isa = PBXBuildFile; fileRef = 84C1B37D18BE8AA100C77138 /* InfoPlist.strings */; };
		84C1B38118BE8AA100C77138 /* main.m in Sources */ = {isa = PBXBuildFile; fileRef = 84C1B38018BE8AA100C77138 /* main.m */; };
		84C1B38518BE8AA100C77138 /* YPOMAppDelegate.m in Sources */ = {isa = PBXBuildFile; fileRef = 84C1B38418BE8AA100C77138 /* YPOMAppDelegate.m */; };
		84C1B38818BE8AA100C77138 /* Main_iPhone.storyboard in Resources */ = {isa = PBXBuildFile; fileRef = 84C1B38618BE8AA100C77138 /* Main_iPhone.storyboard */; };
		84C1B39318BE8AA100C77138 /* Images.xcassets in Resources */ = {isa = PBXBuildFile; fileRef = 84C1B39218BE8AA100C77138 /* Images.xcassets */; };
		84C1B39A18BE8AA100C77138 /* XCTest.framework in Frameworks */ = {isa = PBXBuildFile; fileRef = 84C1B39918BE8AA100C77138 /* XCTest.framework */; };
		84C1B39B18BE8AA100C77138 /* Foundation.framework in Frameworks */ = {isa = PBXBuildFile; fileRef = 84C1B37418BE8AA100C77138 /* Foundation.framework */; };
		84C1B39C18BE8AA100C77138 /* UIKit.framework in Frameworks */ = {isa = PBXBuildFile; fileRef = 84C1B37818BE8AA100C77138 /* UIKit.framework */; };
		84C1B3A418BE8AA100C77138 /* InfoPlist.strings in Resources */ = {isa = PBXBuildFile; fileRef = 84C1B3A218BE8AA100C77138 /* InfoPlist.strings */; };
		84C1B3A618BE8AA100C77138 /* ypomTests.m in Sources */ = {isa = PBXBuildFile; fileRef = 84C1B3A518BE8AA100C77138 /* ypomTests.m */; };
		84C1B3B118BE8B1300C77138 /* YPOM.m in Sources */ = {isa = PBXBuildFile; fileRef = 84C1B3B018BE8B1300C77138 /* YPOM.m */; };
		84CC0E8E18C7544D00D5985E /* NSString+HexToData.m in Sources */ = {isa = PBXBuildFile; fileRef = 84CC0E8D18C7544D00D5985E /* NSString+HexToData.m */; };
		84CC0E9418C7554D00D5985E /* NSString+stringWithData.m in Sources */ = {isa = PBXBuildFile; fileRef = 84CC0E9318C7554D00D5985E /* NSString+stringWithData.m */; };
		84CC0E9718C7584F00D5985E /* YPOM+Wire.m in Sources */ = {isa = PBXBuildFile; fileRef = 84CC0E9618C7584F00D5985E /* YPOM+Wire.m */; };
		84D27DAE18D48D2400D888E0 /* OSodium.m in Sources */ = {isa = PBXBuildFile; fileRef = 84D27DAD18D48D2400D888E0 /* OSodium.m */; };
		84D27DB118D48FC400D888E0 /* OSodiumSecretBox.m in Sources */ = {isa = PBXBuildFile; fileRef = 84D27DB018D48FC400D888E0 /* OSodiumSecretBox.m */; };
		84D27DDC18D4B27200D888E0 /* OSodiumBox.m in Sources */ = {isa = PBXBuildFile; fileRef = 84D27DDB18D4B27200D888E0 /* OSodiumBox.m */; };
		84D27DDF18D4B29900D888E0 /* OSodiumSign.m in Sources */ = {isa = PBXBuildFile; fileRef = 84D27DDE18D4B29900D888E0 /* OSodiumSign.m */; };
		84D27DE218D4C33200D888E0 /* Device+Create.m in Sources */ = {isa = PBXBuildFile; fileRef = 84D27DE118D4C33200D888E0 /* Device+Create.m */; };
/* End PBXBuildFile section */

/* Begin PBXContainerItemProxy section */
		842CB21518BFC24D00804D8D /* PBXContainerItemProxy */ = {
			isa = PBXContainerItemProxy;
			containerPortal = 842CB20F18BFC24D00804D8D /* MQTTClient.xcodeproj */;
			proxyType = 2;
			remoteGlobalIDString = 8461912A1883E56800101409;
			remoteInfo = MQTTClient;
		};
		842CB21718BFC24D00804D8D /* PBXContainerItemProxy */ = {
			isa = PBXContainerItemProxy;
			containerPortal = 842CB20F18BFC24D00804D8D /* MQTTClient.xcodeproj */;
			proxyType = 2;
			remoteGlobalIDString = 8461913A1883E56800101409;
			remoteInfo = MQTTClientTests;
		};
		84C1B39D18BE8AA100C77138 /* PBXContainerItemProxy */ = {
			isa = PBXContainerItemProxy;
			containerPortal = 84C1B36918BE8AA100C77138 /* Project object */;
			proxyType = 1;
			remoteGlobalIDString = 84C1B37018BE8AA100C77138;
			remoteInfo = ypom;
		};
/* End PBXContainerItemProxy section */

/* Begin PBXFileReference section */
		8418BB4718E1920000DF490A /* YPOM 0.38.xcdatamodel */ = {isa = PBXFileReference; lastKnownFileType = wrapper.xcdatamodel; path = "YPOM 0.38.xcdatamodel"; sourceTree = "<group>"; };
		8418BB4B18E1A1C900DF490A /* YPOM 0.39.xcdatamodel */ = {isa = PBXFileReference; lastKnownFileType = wrapper.xcdatamodel; path = "YPOM 0.39.xcdatamodel"; sourceTree = "<group>"; };
		8418BB4F18E1A4EC00DF490A /* YPOM 0.3A.xcdatamodel */ = {isa = PBXFileReference; lastKnownFileType = wrapper.xcdatamodel; path = "YPOM 0.3A.xcdatamodel"; sourceTree = "<group>"; };
		8418BB5018E1A50A00DF490A /* User.h */ = {isa = PBXFileReference; fileEncoding = 4; lastKnownFileType = sourcecode.c.h; path = User.h; sourceTree = "<group>"; };
		8418BB5118E1A50A00DF490A /* User.m */ = {isa = PBXFileReference; fileEncoding = 4; lastKnownFileType = sourcecode.c.objc; path = User.m; sourceTree = "<group>"; };
		841F41C018D20F5700D1586D /* YPOMThemes.plist */ = {isa = PBXFileReference; fileEncoding = 4; lastKnownFileType = text.plist.xml; path = YPOMThemes.plist; sourceTree = "<group>"; };
		841F41C518D21D0700D1586D /* YPOMThemesTVC.h */ = {isa = PBXFileReference; fileEncoding = 4; lastKnownFileType = sourcecode.c.h; path = YPOMThemesTVC.h; sourceTree = "<group>"; };
		841F41C618D21D0700D1586D /* YPOMThemesTVC.m */ = {isa = PBXFileReference; fileEncoding = 4; lastKnownFileType = sourcecode.c.objc; path = YPOMThemesTVC.m; sourceTree = "<group>"; };
		841F41C818D2213900D1586D /* YPOMUserExperienceTVC.h */ = {isa = PBXFileReference; fileEncoding = 4; lastKnownFileType = sourcecode.c.h; path = YPOMUserExperienceTVC.h; sourceTree = "<group>"; };
		841F41C918D2213900D1586D /* YPOMUserExperienceTVC.m */ = {isa = PBXFileReference; fileEncoding = 4; lastKnownFileType = sourcecode.c.objc; path = YPOMUserExperienceTVC.m; sourceTree = "<group>"; };
		842CB20F18BFC24D00804D8D /* MQTTClient.xcodeproj */ = {isa = PBXFileReference; lastKnownFileType = "wrapper.pb-project"; name = MQTTClient.xcodeproj; path = "../../MQTT-Client-Framework/MQTTClient/MQTTClient.xcodeproj"; sourceTree = "<group>"; };
		842CB24818BFCCC800804D8D /* YPOM.xcdatamodel */ = {isa = PBXFileReference; lastKnownFileType = wrapper.xcdatamodel; path = YPOM.xcdatamodel; sourceTree = "<group>"; };
		842CB26218BFCEAE00804D8D /* Myself+Create.h */ = {isa = PBXFileReference; fileEncoding = 4; lastKnownFileType = sourcecode.c.h; path = "Myself+Create.h"; sourceTree = "<group>"; };
		842CB26318BFCEAE00804D8D /* Myself+Create.m */ = {isa = PBXFileReference; fileEncoding = 4; lastKnownFileType = sourcecode.c.objc; path = "Myself+Create.m"; sourceTree = "<group>"; };
		842CB26518BFCEC900804D8D /* User+Create.h */ = {isa = PBXFileReference; fileEncoding = 4; lastKnownFileType = sourcecode.c.h; path = "User+Create.h"; sourceTree = "<group>"; };
		842CB26618BFCEC900804D8D /* User+Create.m */ = {isa = PBXFileReference; fileEncoding = 4; lastKnownFileType = sourcecode.c.objc; path = "User+Create.m"; sourceTree = "<group>"; };
		842CB26818BFCEDC00804D8D /* Broker+Create.h */ = {isa = PBXFileReference; fileEncoding = 4; lastKnownFileType = sourcecode.c.h; path = "Broker+Create.h"; sourceTree = "<group>"; };
		842CB26918BFCEDC00804D8D /* Broker+Create.m */ = {isa = PBXFileReference; fileEncoding = 4; lastKnownFileType = sourcecode.c.objc; path = "Broker+Create.m"; sourceTree = "<group>"; };
		842CB26B18BFCEF300804D8D /* Message+Create.h */ = {isa = PBXFileReference; fileEncoding = 4; lastKnownFileType = sourcecode.c.h; path = "Message+Create.h"; sourceTree = "<group>"; };
		842CB26C18BFCEF300804D8D /* Message+Create.m */ = {isa = PBXFileReference; fileEncoding = 4; lastKnownFileType = sourcecode.c.objc; path = "Message+Create.m"; sourceTree = "<group>"; };
		842CB27718BFEAB100804D8D /* CoreDataTVC.h */ = {isa = PBXFileReference; fileEncoding = 4; lastKnownFileType = sourcecode.c.h; path = CoreDataTVC.h; sourceTree = "<group>"; };
		842CB27818BFEAB100804D8D /* CoreDataTVC.m */ = {isa = PBXFileReference; fileEncoding = 4; lastKnownFileType = sourcecode.c.objc; path = CoreDataTVC.m; sourceTree = "<group>"; };
		842CB27918BFEAB100804D8D /* YPOMUsersTVC.h */ = {isa = PBXFileReference; fileEncoding = 4; lastKnownFileType = sourcecode.c.h; name = YPOMUsersTVC.h; path = ../YPOMUsersTVC.h; sourceTree = "<group>"; };
		842CB27A18BFEAB100804D8D /* YPOMUsersTVC.m */ = {isa = PBXFileReference; fileEncoding = 4; lastKnownFileType = sourcecode.c.objc; name = YPOMUsersTVC.m; path = ../YPOMUsersTVC.m; sourceTree = "<group>"; };
		842CB28318BFFD7500804D8D /* YPOMMessagesTVC.h */ = {isa = PBXFileReference; fileEncoding = 4; lastKnownFileType = sourcecode.c.h; name = YPOMMessagesTVC.h; path = ../YPOMMessagesTVC.h; sourceTree = "<group>"; };
		842CB28418BFFD7500804D8D /* YPOMMessagesTVC.m */ = {isa = PBXFileReference; fileEncoding = 4; lastKnownFileType = sourcecode.c.objc; name = YPOMMessagesTVC.m; path = ../YPOMMessagesTVC.m; sourceTree = "<group>"; };
		842ECF4C18CFC31C00AF6268 /* ypom.entitlements */ = {isa = PBXFileReference; fileEncoding = 4; lastKnownFileType = text.xml; path = ypom.entitlements; sourceTree = "<group>"; };
		842ECF5118CFD40D00AF6268 /* ioSock.c */ = {isa = PBXFileReference; fileEncoding = 4; lastKnownFileType = sourcecode.c.c; path = ioSock.c; sourceTree = "<group>"; };
		842ECF5218CFD40D00AF6268 /* ioSock.h */ = {isa = PBXFileReference; fileEncoding = 4; lastKnownFileType = sourcecode.c.h; path = ioSock.h; sourceTree = "<group>"; };
		842ECF5318CFD40D00AF6268 /* NWHub.h */ = {isa = PBXFileReference; fileEncoding = 4; lastKnownFileType = sourcecode.c.h; path = NWHub.h; sourceTree = "<group>"; };
		842ECF5418CFD40D00AF6268 /* NWHub.m */ = {isa = PBXFileReference; fileEncoding = 4; lastKnownFileType = sourcecode.c.objc; path = NWHub.m; sourceTree = "<group>"; };
		842ECF5518CFD40D00AF6268 /* NWNotification.h */ = {isa = PBXFileReference; fileEncoding = 4; lastKnownFileType = sourcecode.c.h; path = NWNotification.h; sourceTree = "<group>"; };
		842ECF5618CFD40D00AF6268 /* NWNotification.m */ = {isa = PBXFileReference; fileEncoding = 4; lastKnownFileType = sourcecode.c.objc; path = NWNotification.m; sourceTree = "<group>"; };
		842ECF5718CFD40D00AF6268 /* NWPusher.h */ = {isa = PBXFileReference; fileEncoding = 4; lastKnownFileType = sourcecode.c.h; path = NWPusher.h; sourceTree = "<group>"; };
		842ECF5818CFD40D00AF6268 /* NWPusher.m */ = {isa = PBXFileReference; fileEncoding = 4; lastKnownFileType = sourcecode.c.objc; path = NWPusher.m; sourceTree = "<group>"; };
		842ECF5918CFD40D00AF6268 /* NWPushFeedback.h */ = {isa = PBXFileReference; fileEncoding = 4; lastKnownFileType = sourcecode.c.h; path = NWPushFeedback.h; sourceTree = "<group>"; };
		842ECF5A18CFD40D00AF6268 /* NWPushFeedback.m */ = {isa = PBXFileReference; fileEncoding = 4; lastKnownFileType = sourcecode.c.objc; path = NWPushFeedback.m; sourceTree = "<group>"; };
		842ECF5B18CFD40D00AF6268 /* NWSecTools.h */ = {isa = PBXFileReference; fileEncoding = 4; lastKnownFileType = sourcecode.c.h; path = NWSecTools.h; sourceTree = "<group>"; };
		842ECF5C18CFD40D00AF6268 /* NWSecTools.m */ = {isa = PBXFileReference; fileEncoding = 4; lastKnownFileType = sourcecode.c.objc; path = NWSecTools.m; sourceTree = "<group>"; };
		842ECF5D18CFD40D00AF6268 /* NWSSLConnection.h */ = {isa = PBXFileReference; fileEncoding = 4; lastKnownFileType = sourcecode.c.h; path = NWSSLConnection.h; sourceTree = "<group>"; };
		842ECF5E18CFD40D00AF6268 /* NWSSLConnection.m */ = {isa = PBXFileReference; fileEncoding = 4; lastKnownFileType = sourcecode.c.objc; path = NWSSLConnection.m; sourceTree = "<group>"; };
		842ECF6718CFD42F00AF6268 /* CFNetwork.framework */ = {isa = PBXFileReference; lastKnownFileType = wrapper.framework; name = CFNetwork.framework; path = System/Library/Frameworks/CFNetwork.framework; sourceTree = SDKROOT; };
		842ECF6918CFD43B00AF6268 /* Security.framework */ = {isa = PBXFileReference; lastKnownFileType = wrapper.framework; name = Security.framework; path = System/Library/Frameworks/Security.framework; sourceTree = SDKROOT; };
		842ECF6D18CFD60200AF6268 /* ypom-dev.p12 */ = {isa = PBXFileReference; lastKnownFileType = file; path = "ypom-dev.p12"; sourceTree = "<group>"; };
		842ECF7718D0BE5F00AF6268 /* YPOMTheme.h */ = {isa = PBXFileReference; fileEncoding = 4; lastKnownFileType = sourcecode.c.h; path = YPOMTheme.h; sourceTree = "<group>"; };
		842ECF7818D0BE5F00AF6268 /* YPOMTheme.m */ = {isa = PBXFileReference; fileEncoding = 4; lastKnownFileType = sourcecode.c.objc; path = YPOMTheme.m; sourceTree = "<group>"; };
		8454B7A918D5F2800046624C /* AssetsLibrary.framework */ = {isa = PBXFileReference; lastKnownFileType = wrapper.framework; name = AssetsLibrary.framework; path = System/Library/Frameworks/AssetsLibrary.framework; sourceTree = SDKROOT; };
		8454B7AE18D5F4990046624C /* AddressBookUI.framework */ = {isa = PBXFileReference; lastKnownFileType = wrapper.framework; name = AddressBookUI.framework; path = System/Library/Frameworks/AddressBookUI.framework; sourceTree = SDKROOT; };
		8454B7B018D5F76E0046624C /* AddressBook.framework */ = {isa = PBXFileReference; lastKnownFileType = wrapper.framework; name = AddressBook.framework; path = System/Library/Frameworks/AddressBook.framework; sourceTree = SDKROOT; };
		8454B7B918D744240046624C /* YPOM_Dev.mobileprovision */ = {isa = PBXFileReference; lastKnownFileType = file; path = YPOM_Dev.mobileprovision; sourceTree = "<group>"; };
		8454B7BB18D8EE090046624C /* YPOMThemes.h */ = {isa = PBXFileReference; fileEncoding = 4; lastKnownFileType = sourcecode.c.h; path = YPOMThemes.h; sourceTree = "<group>"; };
		8454B7BC18D8EE090046624C /* YPOMThemes.m */ = {isa = PBXFileReference; fileEncoding = 4; lastKnownFileType = sourcecode.c.objc; path = YPOMThemes.m; sourceTree = "<group>"; };
		8459A4C118DC423A007098EB /* Group+Create.h */ = {isa = PBXFileReference; fileEncoding = 4; lastKnownFileType = sourcecode.c.h; path = "Group+Create.h"; sourceTree = "<group>"; };
		8459A4C218DC423A007098EB /* Group+Create.m */ = {isa = PBXFileReference; fileEncoding = 4; lastKnownFileType = sourcecode.c.objc; path = "Group+Create.m"; sourceTree = "<group>"; };
		8459A4C418DC973B007098EB /* YPOMMembersTVC.h */ = {isa = PBXFileReference; fileEncoding = 4; lastKnownFileType = sourcecode.c.h; name = YPOMMembersTVC.h; path = ../YPOMMembersTVC.h; sourceTree = "<group>"; };
		8459A4C518DC973B007098EB /* YPOMMembersTVC.m */ = {isa = PBXFileReference; fileEncoding = 4; lastKnownFileType = sourcecode.c.objc; name = YPOMMembersTVC.m; path = ../YPOMMembersTVC.m; sourceTree = "<group>"; };
		8459A4C718DC975B007098EB /* YPOMGroupTVC.h */ = {isa = PBXFileReference; fileEncoding = 4; lastKnownFileType = sourcecode.c.h; name = YPOMGroupTVC.h; path = ../YPOMGroupTVC.h; sourceTree = "<group>"; };
		8459A4C818DC975B007098EB /* YPOMGroupTVC.m */ = {isa = PBXFileReference; fileEncoding = 4; lastKnownFileType = sourcecode.c.objc; name = YPOMGroupTVC.m; path = ../YPOMGroupTVC.m; sourceTree = "<group>"; };
		8459A4CA18DC977B007098EB /* YPOMInviteMembersTVC.h */ = {isa = PBXFileReference; fileEncoding = 4; lastKnownFileType = sourcecode.c.h; name = YPOMInviteMembersTVC.h; path = ../YPOMInviteMembersTVC.h; sourceTree = "<group>"; };
		8459A4CB18DC977B007098EB /* YPOMInviteMembersTVC.m */ = {isa = PBXFileReference; fileEncoding = 4; lastKnownFileType = sourcecode.c.objc; name = YPOMInviteMembersTVC.m; path = ../YPOMInviteMembersTVC.m; sourceTree = "<group>"; };
		8459A4CD18DCA1AE007098EB /* YPOM 0.31.xcdatamodel */ = {isa = PBXFileReference; lastKnownFileType = wrapper.xcdatamodel; path = "YPOM 0.31.xcdatamodel"; sourceTree = "<group>"; };
		8459A4F818DCAFEA007098EB /* YPOMInvitation.h */ = {isa = PBXFileReference; fileEncoding = 4; lastKnownFileType = sourcecode.c.h; path = YPOMInvitation.h; sourceTree = "<group>"; };
		8459A4F918DCAFEA007098EB /* YPOMInvitation.m */ = {isa = PBXFileReference; fileEncoding = 4; lastKnownFileType = sourcecode.c.objc; path = YPOMInvitation.m; sourceTree = "<group>"; };
		8470C49818C2785600133A87 /* YPOMSettingsTVC.h */ = {isa = PBXFileReference; fileEncoding = 4; lastKnownFileType = sourcecode.c.h; path = YPOMSettingsTVC.h; sourceTree = "<group>"; };
		8470C49918C2785600133A87 /* YPOMSettingsTVC.m */ = {isa = PBXFileReference; fileEncoding = 4; lastKnownFileType = sourcecode.c.objc; path = YPOMSettingsTVC.m; sourceTree = "<group>"; };
		8470C4C218C2B9DE00133A87 /* YPOMNewTVCell.h */ = {isa = PBXFileReference; fileEncoding = 4; lastKnownFileType = sourcecode.c.h; path = YPOMNewTVCell.h; sourceTree = "<group>"; };
		8470C4C318C2B9DE00133A87 /* YPOMNewTVCell.m */ = {isa = PBXFileReference; fileEncoding = 4; lastKnownFileType = sourcecode.c.objc; path = YPOMNewTVCell.m; sourceTree = "<group>"; };
		847A52DA18C3DE45004EF999 /* isutf8.c */ = {isa = PBXFileReference; fileEncoding = 4; lastKnownFileType = sourcecode.c.c; name = isutf8.c; path = ypom/isutf8.c; sourceTree = "<group>"; };
		847A52DC18C3DE60004EF999 /* isutf8.h */ = {isa = PBXFileReference; lastKnownFileType = sourcecode.c.h; name = isutf8.h; path = ypom/isutf8.h; sourceTree = "<group>"; };
		847A5A3F18C4B24F004EF999 /* base32.h */ = {isa = PBXFileReference; fileEncoding = 4; lastKnownFileType = sourcecode.c.h; name = base32.h; path = ypom/base32.h; sourceTree = "<group>"; };
		847A5A4018C4B24F004EF999 /* base32.c */ = {isa = PBXFileReference; fileEncoding = 4; lastKnownFileType = sourcecode.c.c; name = base32.c; path = ypom/base32.c; sourceTree = "<group>"; };
		84849E7818DD93AB00D65D02 /* YPOM 0.33.xcdatamodel */ = {isa = PBXFileReference; lastKnownFileType = wrapper.xcdatamodel; path = "YPOM 0.33.xcdatamodel"; sourceTree = "<group>"; };
		848DE86718E189F900D83584 /* YPOM 0.35.xcdatamodel */ = {isa = PBXFileReference; lastKnownFileType = wrapper.xcdatamodel; path = "YPOM 0.35.xcdatamodel"; sourceTree = "<group>"; };
		848DE88618E18C2B00D83584 /* Broker.h */ = {isa = PBXFileReference; fileEncoding = 4; lastKnownFileType = sourcecode.c.h; path = Broker.h; sourceTree = "<group>"; };
		848DE88718E18C2B00D83584 /* Broker.m */ = {isa = PBXFileReference; fileEncoding = 4; lastKnownFileType = sourcecode.c.objc; path = Broker.m; sourceTree = "<group>"; };
		848DE88918E18C2B00D83584 /* Device.h */ = {isa = PBXFileReference; fileEncoding = 4; lastKnownFileType = sourcecode.c.h; path = Device.h; sourceTree = "<group>"; };
		848DE88A18E18C2B00D83584 /* Device.m */ = {isa = PBXFileReference; fileEncoding = 4; lastKnownFileType = sourcecode.c.objc; path = Device.m; sourceTree = "<group>"; };
		848DE88C18E18C2B00D83584 /* UserGroup.h */ = {isa = PBXFileReference; fileEncoding = 4; lastKnownFileType = sourcecode.c.h; path = UserGroup.h; sourceTree = "<group>"; };
		848DE88D18E18C2B00D83584 /* UserGroup.m */ = {isa = PBXFileReference; fileEncoding = 4; lastKnownFileType = sourcecode.c.objc; path = UserGroup.m; sourceTree = "<group>"; };
		848DE88F18E18C2C00D83584 /* Myself.h */ = {isa = PBXFileReference; fileEncoding = 4; lastKnownFileType = sourcecode.c.h; path = Myself.h; sourceTree = "<group>"; };
		848DE89018E18C2C00D83584 /* Myself.m */ = {isa = PBXFileReference; fileEncoding = 4; lastKnownFileType = sourcecode.c.objc; path = Myself.m; sourceTree = "<group>"; };
		848DE89218E18C2C00D83584 /* Message.h */ = {isa = PBXFileReference; fileEncoding = 4; lastKnownFileType = sourcecode.c.h; path = Message.h; sourceTree = "<group>"; };
		848DE89318E18C2C00D83584 /* Message.m */ = {isa = PBXFileReference; fileEncoding = 4; lastKnownFileType = sourcecode.c.objc; path = Message.m; sourceTree = "<group>"; };
		848DE89518E18C2C00D83584 /* Group.h */ = {isa = PBXFileReference; fileEncoding = 4; lastKnownFileType = sourcecode.c.h; path = Group.h; sourceTree = "<group>"; };
		848DE89618E18C2C00D83584 /* Group.m */ = {isa = PBXFileReference; fileEncoding = 4; lastKnownFileType = sourcecode.c.objc; path = Group.m; sourceTree = "<group>"; };
		848DE89B18E18E8B00D83584 /* YPOM 0.36.xcdatamodel */ = {isa = PBXFileReference; lastKnownFileType = wrapper.xcdatamodel; path = "YPOM 0.36.xcdatamodel"; sourceTree = "<group>"; };
		848DE89F18E1908300D83584 /* YPOM 0.37.xcdatamodel */ = {isa = PBXFileReference; lastKnownFileType = wrapper.xcdatamodel; path = "YPOM 0.37.xcdatamodel"; sourceTree = "<group>"; };
		8490DC1018DEDF65001F3459 /* YPOM 0.34.xcdatamodel */ = {isa = PBXFileReference; lastKnownFileType = wrapper.xcdatamodel; path = "YPOM 0.34.xcdatamodel"; sourceTree = "<group>"; };
		849D452518C9088000201BF3 /* core.h */ = {isa = PBXFileReference; fileEncoding = 4; lastKnownFileType = sourcecode.c.h; path = core.h; sourceTree = "<group>"; };
		849D452618C9088000201BF3 /* crypto_auth.h */ = {isa = PBXFileReference; fileEncoding = 4; lastKnownFileType = sourcecode.c.h; path = crypto_auth.h; sourceTree = "<group>"; };
		849D452718C9088000201BF3 /* crypto_auth_hmacsha256.h */ = {isa = PBXFileReference; fileEncoding = 4; lastKnownFileType = sourcecode.c.h; path = crypto_auth_hmacsha256.h; sourceTree = "<group>"; };
		849D452818C9088000201BF3 /* crypto_auth_hmacsha512256.h */ = {isa = PBXFileReference; fileEncoding = 4; lastKnownFileType = sourcecode.c.h; path = crypto_auth_hmacsha512256.h; sourceTree = "<group>"; };
		849D452918C9088000201BF3 /* crypto_box.h */ = {isa = PBXFileReference; fileEncoding = 4; lastKnownFileType = sourcecode.c.h; path = crypto_box.h; sourceTree = "<group>"; };
		849D452A18C9088000201BF3 /* crypto_box_curve25519xsalsa20poly1305.h */ = {isa = PBXFileReference; fileEncoding = 4; lastKnownFileType = sourcecode.c.h; path = crypto_box_curve25519xsalsa20poly1305.h; sourceTree = "<group>"; };
		849D452B18C9088000201BF3 /* crypto_core_hsalsa20.h */ = {isa = PBXFileReference; fileEncoding = 4; lastKnownFileType = sourcecode.c.h; path = crypto_core_hsalsa20.h; sourceTree = "<group>"; };
		849D452C18C9088000201BF3 /* crypto_core_salsa20.h */ = {isa = PBXFileReference; fileEncoding = 4; lastKnownFileType = sourcecode.c.h; path = crypto_core_salsa20.h; sourceTree = "<group>"; };
		849D452D18C9088000201BF3 /* crypto_core_salsa2012.h */ = {isa = PBXFileReference; fileEncoding = 4; lastKnownFileType = sourcecode.c.h; path = crypto_core_salsa2012.h; sourceTree = "<group>"; };
		849D452E18C9088000201BF3 /* crypto_core_salsa208.h */ = {isa = PBXFileReference; fileEncoding = 4; lastKnownFileType = sourcecode.c.h; path = crypto_core_salsa208.h; sourceTree = "<group>"; };
		849D452F18C9088000201BF3 /* crypto_generichash.h */ = {isa = PBXFileReference; fileEncoding = 4; lastKnownFileType = sourcecode.c.h; path = crypto_generichash.h; sourceTree = "<group>"; };
		849D453018C9088000201BF3 /* crypto_generichash_blake2b.h */ = {isa = PBXFileReference; fileEncoding = 4; lastKnownFileType = sourcecode.c.h; path = crypto_generichash_blake2b.h; sourceTree = "<group>"; };
		849D453118C9088000201BF3 /* crypto_hash.h */ = {isa = PBXFileReference; fileEncoding = 4; lastKnownFileType = sourcecode.c.h; path = crypto_hash.h; sourceTree = "<group>"; };
		849D453218C9088000201BF3 /* crypto_hash_sha256.h */ = {isa = PBXFileReference; fileEncoding = 4; lastKnownFileType = sourcecode.c.h; path = crypto_hash_sha256.h; sourceTree = "<group>"; };
		849D453318C9088000201BF3 /* crypto_hash_sha512.h */ = {isa = PBXFileReference; fileEncoding = 4; lastKnownFileType = sourcecode.c.h; path = crypto_hash_sha512.h; sourceTree = "<group>"; };
		849D453418C9088000201BF3 /* crypto_hashblocks_sha256.h */ = {isa = PBXFileReference; fileEncoding = 4; lastKnownFileType = sourcecode.c.h; path = crypto_hashblocks_sha256.h; sourceTree = "<group>"; };
		849D453518C9088000201BF3 /* crypto_hashblocks_sha512.h */ = {isa = PBXFileReference; fileEncoding = 4; lastKnownFileType = sourcecode.c.h; path = crypto_hashblocks_sha512.h; sourceTree = "<group>"; };
		849D453618C9088000201BF3 /* crypto_int32.h */ = {isa = PBXFileReference; fileEncoding = 4; lastKnownFileType = sourcecode.c.h; path = crypto_int32.h; sourceTree = "<group>"; };
		849D453718C9088000201BF3 /* crypto_int64.h */ = {isa = PBXFileReference; fileEncoding = 4; lastKnownFileType = sourcecode.c.h; path = crypto_int64.h; sourceTree = "<group>"; };
		849D453818C9088000201BF3 /* crypto_onetimeauth.h */ = {isa = PBXFileReference; fileEncoding = 4; lastKnownFileType = sourcecode.c.h; path = crypto_onetimeauth.h; sourceTree = "<group>"; };
		849D453918C9088000201BF3 /* crypto_onetimeauth_poly1305.h */ = {isa = PBXFileReference; fileEncoding = 4; lastKnownFileType = sourcecode.c.h; path = crypto_onetimeauth_poly1305.h; sourceTree = "<group>"; };
		849D453A18C9088000201BF3 /* crypto_onetimeauth_poly1305_53.h */ = {isa = PBXFileReference; fileEncoding = 4; lastKnownFileType = sourcecode.c.h; path = crypto_onetimeauth_poly1305_53.h; sourceTree = "<group>"; };
		849D453B18C9088000201BF3 /* crypto_onetimeauth_poly1305_donna.h */ = {isa = PBXFileReference; fileEncoding = 4; lastKnownFileType = sourcecode.c.h; path = crypto_onetimeauth_poly1305_donna.h; sourceTree = "<group>"; };
		849D453C18C9088000201BF3 /* crypto_scalarmult.h */ = {isa = PBXFileReference; fileEncoding = 4; lastKnownFileType = sourcecode.c.h; path = crypto_scalarmult.h; sourceTree = "<group>"; };
		849D453D18C9088000201BF3 /* crypto_scalarmult_curve25519.h */ = {isa = PBXFileReference; fileEncoding = 4; lastKnownFileType = sourcecode.c.h; path = crypto_scalarmult_curve25519.h; sourceTree = "<group>"; };
		849D453E18C9088000201BF3 /* crypto_secretbox.h */ = {isa = PBXFileReference; fileEncoding = 4; lastKnownFileType = sourcecode.c.h; path = crypto_secretbox.h; sourceTree = "<group>"; };
		849D453F18C9088000201BF3 /* crypto_secretbox_xsalsa20poly1305.h */ = {isa = PBXFileReference; fileEncoding = 4; lastKnownFileType = sourcecode.c.h; path = crypto_secretbox_xsalsa20poly1305.h; sourceTree = "<group>"; };
		849D454018C9088000201BF3 /* crypto_shorthash.h */ = {isa = PBXFileReference; fileEncoding = 4; lastKnownFileType = sourcecode.c.h; path = crypto_shorthash.h; sourceTree = "<group>"; };
		849D454118C9088000201BF3 /* crypto_shorthash_siphash24.h */ = {isa = PBXFileReference; fileEncoding = 4; lastKnownFileType = sourcecode.c.h; path = crypto_shorthash_siphash24.h; sourceTree = "<group>"; };
		849D454218C9088000201BF3 /* crypto_sign.h */ = {isa = PBXFileReference; fileEncoding = 4; lastKnownFileType = sourcecode.c.h; path = crypto_sign.h; sourceTree = "<group>"; };
		849D454318C9088000201BF3 /* crypto_sign_ed25519.h */ = {isa = PBXFileReference; fileEncoding = 4; lastKnownFileType = sourcecode.c.h; path = crypto_sign_ed25519.h; sourceTree = "<group>"; };
		849D454418C9088000201BF3 /* crypto_sign_edwards25519sha512batch.h */ = {isa = PBXFileReference; fileEncoding = 4; lastKnownFileType = sourcecode.c.h; path = crypto_sign_edwards25519sha512batch.h; sourceTree = "<group>"; };
		849D454518C9088000201BF3 /* crypto_stream.h */ = {isa = PBXFileReference; fileEncoding = 4; lastKnownFileType = sourcecode.c.h; path = crypto_stream.h; sourceTree = "<group>"; };
		849D454618C9088000201BF3 /* crypto_stream_aes128ctr.h */ = {isa = PBXFileReference; fileEncoding = 4; lastKnownFileType = sourcecode.c.h; path = crypto_stream_aes128ctr.h; sourceTree = "<group>"; };
		849D454718C9088000201BF3 /* crypto_stream_aes256estream.h */ = {isa = PBXFileReference; fileEncoding = 4; lastKnownFileType = sourcecode.c.h; path = crypto_stream_aes256estream.h; sourceTree = "<group>"; };
		849D454818C9088000201BF3 /* crypto_stream_salsa20.h */ = {isa = PBXFileReference; fileEncoding = 4; lastKnownFileType = sourcecode.c.h; path = crypto_stream_salsa20.h; sourceTree = "<group>"; };
		849D454918C9088000201BF3 /* crypto_stream_salsa2012.h */ = {isa = PBXFileReference; fileEncoding = 4; lastKnownFileType = sourcecode.c.h; path = crypto_stream_salsa2012.h; sourceTree = "<group>"; };
		849D454A18C9088000201BF3 /* crypto_stream_salsa208.h */ = {isa = PBXFileReference; fileEncoding = 4; lastKnownFileType = sourcecode.c.h; path = crypto_stream_salsa208.h; sourceTree = "<group>"; };
		849D454B18C9088000201BF3 /* crypto_stream_xsalsa20.h */ = {isa = PBXFileReference; fileEncoding = 4; lastKnownFileType = sourcecode.c.h; path = crypto_stream_xsalsa20.h; sourceTree = "<group>"; };
		849D454C18C9088000201BF3 /* crypto_uint16.h */ = {isa = PBXFileReference; fileEncoding = 4; lastKnownFileType = sourcecode.c.h; path = crypto_uint16.h; sourceTree = "<group>"; };
		849D454D18C9088000201BF3 /* crypto_uint32.h */ = {isa = PBXFileReference; fileEncoding = 4; lastKnownFileType = sourcecode.c.h; path = crypto_uint32.h; sourceTree = "<group>"; };
		849D454E18C9088000201BF3 /* crypto_uint64.h */ = {isa = PBXFileReference; fileEncoding = 4; lastKnownFileType = sourcecode.c.h; path = crypto_uint64.h; sourceTree = "<group>"; };
		849D454F18C9088000201BF3 /* crypto_uint8.h */ = {isa = PBXFileReference; fileEncoding = 4; lastKnownFileType = sourcecode.c.h; path = crypto_uint8.h; sourceTree = "<group>"; };
		849D455018C9088000201BF3 /* crypto_verify_16.h */ = {isa = PBXFileReference; fileEncoding = 4; lastKnownFileType = sourcecode.c.h; path = crypto_verify_16.h; sourceTree = "<group>"; };
		849D455118C9088000201BF3 /* crypto_verify_32.h */ = {isa = PBXFileReference; fileEncoding = 4; lastKnownFileType = sourcecode.c.h; path = crypto_verify_32.h; sourceTree = "<group>"; };
		849D455218C9088000201BF3 /* export.h */ = {isa = PBXFileReference; fileEncoding = 4; lastKnownFileType = sourcecode.c.h; path = export.h; sourceTree = "<group>"; };
		849D455318C9088000201BF3 /* randombytes.h */ = {isa = PBXFileReference; fileEncoding = 4; lastKnownFileType = sourcecode.c.h; path = randombytes.h; sourceTree = "<group>"; };
		849D455418C9088000201BF3 /* randombytes_salsa20_random.h */ = {isa = PBXFileReference; fileEncoding = 4; lastKnownFileType = sourcecode.c.h; path = randombytes_salsa20_random.h; sourceTree = "<group>"; };
		849D455518C9088000201BF3 /* randombytes_sysrandom.h */ = {isa = PBXFileReference; fileEncoding = 4; lastKnownFileType = sourcecode.c.h; path = randombytes_sysrandom.h; sourceTree = "<group>"; };
		849D455618C9088000201BF3 /* utils.h */ = {isa = PBXFileReference; fileEncoding = 4; lastKnownFileType = sourcecode.c.h; path = utils.h; sourceTree = "<group>"; };
		849D455718C9088000201BF3 /* version.h */ = {isa = PBXFileReference; fileEncoding = 4; lastKnownFileType = sourcecode.c.h; path = version.h; sourceTree = "<group>"; };
		849D455818C9088000201BF3 /* sodium.h */ = {isa = PBXFileReference; fileEncoding = 4; lastKnownFileType = sourcecode.c.h; path = sodium.h; sourceTree = "<group>"; };
		849D455D18C908A900201BF3 /* libsodium.a */ = {isa = PBXFileReference; lastKnownFileType = archive.ar; path = libsodium.a; sourceTree = "<group>"; };
		849D456518C9AC3700201BF3 /* MQTTClient.framework */ = {isa = PBXFileReference; lastKnownFileType = wrapper.framework; name = MQTTClient.framework; path = "../../MQTT-Client-Framework/MQTTClient/dist/MQTTClient.framework"; sourceTree = "<group>"; };
		849D456E18CCDA2600201BF3 /* NSString+hexStringWithData.h */ = {isa = PBXFileReference; fileEncoding = 4; lastKnownFileType = sourcecode.c.h; path = "NSString+hexStringWithData.h"; sourceTree = "<group>"; };
		849D456F18CCDA2600201BF3 /* NSString+hexStringWithData.m */ = {isa = PBXFileReference; fileEncoding = 4; lastKnownFileType = sourcecode.c.objc; path = "NSString+hexStringWithData.m"; sourceTree = "<group>"; };
		849D457518CCE6EA00201BF3 /* YPOMImageVC.h */ = {isa = PBXFileReference; fileEncoding = 4; lastKnownFileType = sourcecode.c.h; path = YPOMImageVC.h; sourceTree = "<group>"; };
		849D457618CCE6EA00201BF3 /* YPOMImageVC.m */ = {isa = PBXFileReference; fileEncoding = 4; lastKnownFileType = sourcecode.c.objc; path = YPOMImageVC.m; sourceTree = "<group>"; };
		84A3623518DC4001009EE9C7 /* YPOMGroupsTVC.h */ = {isa = PBXFileReference; fileEncoding = 4; lastKnownFileType = sourcecode.c.h; path = YPOMGroupsTVC.h; sourceTree = "<group>"; };
		84A3623618DC4001009EE9C7 /* YPOMGroupsTVC.m */ = {isa = PBXFileReference; fileEncoding = 4; lastKnownFileType = sourcecode.c.objc; path = YPOMGroupsTVC.m; sourceTree = "<group>"; };
		84A3623B18DC418A009EE9C7 /* YPOM 0.3.xcdatamodel */ = {isa = PBXFileReference; lastKnownFileType = wrapper.xcdatamodel; path = "YPOM 0.3.xcdatamodel"; sourceTree = "<group>"; };
		84C1B37118BE8AA100C77138 /* ypom.app */ = {isa = PBXFileReference; explicitFileType = wrapper.application; includeInIndex = 0; path = ypom.app; sourceTree = BUILT_PRODUCTS_DIR; };
		84C1B37418BE8AA100C77138 /* Foundation.framework */ = {isa = PBXFileReference; lastKnownFileType = wrapper.framework; name = Foundation.framework; path = System/Library/Frameworks/Foundation.framework; sourceTree = SDKROOT; };
		84C1B37618BE8AA100C77138 /* CoreGraphics.framework */ = {isa = PBXFileReference; lastKnownFileType = wrapper.framework; name = CoreGraphics.framework; path = System/Library/Frameworks/CoreGraphics.framework; sourceTree = SDKROOT; };
		84C1B37818BE8AA100C77138 /* UIKit.framework */ = {isa = PBXFileReference; lastKnownFileType = wrapper.framework; name = UIKit.framework; path = System/Library/Frameworks/UIKit.framework; sourceTree = SDKROOT; };
		84C1B37C18BE8AA100C77138 /* ypom-Info.plist */ = {isa = PBXFileReference; lastKnownFileType = text.plist.xml; path = "ypom-Info.plist"; sourceTree = "<group>"; };
		84C1B37E18BE8AA100C77138 /* en */ = {isa = PBXFileReference; lastKnownFileType = text.plist.strings; name = en; path = en.lproj/InfoPlist.strings; sourceTree = "<group>"; };
		84C1B38018BE8AA100C77138 /* main.m */ = {isa = PBXFileReference; lastKnownFileType = sourcecode.c.objc; path = main.m; sourceTree = "<group>"; };
		84C1B38218BE8AA100C77138 /* ypom-Prefix.pch */ = {isa = PBXFileReference; lastKnownFileType = sourcecode.c.h; path = "ypom-Prefix.pch"; sourceTree = "<group>"; };
		84C1B38318BE8AA100C77138 /* YPOMAppDelegate.h */ = {isa = PBXFileReference; lastKnownFileType = sourcecode.c.h; path = YPOMAppDelegate.h; sourceTree = "<group>"; };
		84C1B38418BE8AA100C77138 /* YPOMAppDelegate.m */ = {isa = PBXFileReference; lastKnownFileType = sourcecode.c.objc; path = YPOMAppDelegate.m; sourceTree = "<group>"; };
		84C1B38718BE8AA100C77138 /* Base */ = {isa = PBXFileReference; lastKnownFileType = file.storyboard; name = Base; path = Base.lproj/Main_iPhone.storyboard; sourceTree = "<group>"; };
		84C1B39218BE8AA100C77138 /* Images.xcassets */ = {isa = PBXFileReference; lastKnownFileType = folder.assetcatalog; path = Images.xcassets; sourceTree = "<group>"; };
		84C1B39818BE8AA100C77138 /* ypomTests.xctest */ = {isa = PBXFileReference; explicitFileType = wrapper.cfbundle; includeInIndex = 0; path = ypomTests.xctest; sourceTree = BUILT_PRODUCTS_DIR; };
		84C1B39918BE8AA100C77138 /* XCTest.framework */ = {isa = PBXFileReference; lastKnownFileType = wrapper.framework; name = XCTest.framework; path = Library/Frameworks/XCTest.framework; sourceTree = DEVELOPER_DIR; };
		84C1B3A118BE8AA100C77138 /* ypomTests-Info.plist */ = {isa = PBXFileReference; lastKnownFileType = text.plist.xml; path = "ypomTests-Info.plist"; sourceTree = "<group>"; };
		84C1B3A318BE8AA100C77138 /* en */ = {isa = PBXFileReference; lastKnownFileType = text.plist.strings; name = en; path = en.lproj/InfoPlist.strings; sourceTree = "<group>"; };
		84C1B3A518BE8AA100C77138 /* ypomTests.m */ = {isa = PBXFileReference; lastKnownFileType = sourcecode.c.objc; path = ypomTests.m; sourceTree = "<group>"; };
		84C1B3AF18BE8B1300C77138 /* YPOM.h */ = {isa = PBXFileReference; fileEncoding = 4; lastKnownFileType = sourcecode.c.h; path = YPOM.h; sourceTree = "<group>"; };
		84C1B3B018BE8B1300C77138 /* YPOM.m */ = {isa = PBXFileReference; fileEncoding = 4; lastKnownFileType = sourcecode.c.objc; path = YPOM.m; sourceTree = "<group>"; };
		84C9748618DCC5780048B22C /* YPOM 0.32.xcdatamodel */ = {isa = PBXFileReference; lastKnownFileType = wrapper.xcdatamodel; path = "YPOM 0.32.xcdatamodel"; sourceTree = "<group>"; };
		84CC0E8C18C7544D00D5985E /* NSString+HexToData.h */ = {isa = PBXFileReference; fileEncoding = 4; lastKnownFileType = sourcecode.c.h; name = "NSString+HexToData.h"; path = "ypom/NSString+HexToData.h"; sourceTree = "<group>"; };
		84CC0E8D18C7544D00D5985E /* NSString+HexToData.m */ = {isa = PBXFileReference; fileEncoding = 4; lastKnownFileType = sourcecode.c.objc; name = "NSString+HexToData.m"; path = "ypom/NSString+HexToData.m"; sourceTree = "<group>"; };
		84CC0E9218C7554D00D5985E /* NSString+stringWithData.h */ = {isa = PBXFileReference; fileEncoding = 4; lastKnownFileType = sourcecode.c.h; path = "NSString+stringWithData.h"; sourceTree = "<group>"; };
		84CC0E9318C7554D00D5985E /* NSString+stringWithData.m */ = {isa = PBXFileReference; fileEncoding = 4; lastKnownFileType = sourcecode.c.objc; path = "NSString+stringWithData.m"; sourceTree = "<group>"; };
		84CC0E9518C7584F00D5985E /* YPOM+Wire.h */ = {isa = PBXFileReference; fileEncoding = 4; lastKnownFileType = sourcecode.c.h; path = "YPOM+Wire.h"; sourceTree = "<group>"; };
		84CC0E9618C7584F00D5985E /* YPOM+Wire.m */ = {isa = PBXFileReference; fileEncoding = 4; lastKnownFileType = sourcecode.c.objc; path = "YPOM+Wire.m"; sourceTree = "<group>"; };
		84D27DAC18D48D2400D888E0 /* OSodium.h */ = {isa = PBXFileReference; fileEncoding = 4; lastKnownFileType = sourcecode.c.h; path = OSodium.h; sourceTree = "<group>"; };
		84D27DAD18D48D2400D888E0 /* OSodium.m */ = {isa = PBXFileReference; fileEncoding = 4; lastKnownFileType = sourcecode.c.objc; path = OSodium.m; sourceTree = "<group>"; };
		84D27DAF18D48FC400D888E0 /* OSodiumSecretBox.h */ = {isa = PBXFileReference; fileEncoding = 4; lastKnownFileType = sourcecode.c.h; path = OSodiumSecretBox.h; sourceTree = "<group>"; };
		84D27DB018D48FC400D888E0 /* OSodiumSecretBox.m */ = {isa = PBXFileReference; fileEncoding = 4; lastKnownFileType = sourcecode.c.objc; path = OSodiumSecretBox.m; sourceTree = "<group>"; };
		84D27DDA18D4B27200D888E0 /* OSodiumBox.h */ = {isa = PBXFileReference; fileEncoding = 4; lastKnownFileType = sourcecode.c.h; path = OSodiumBox.h; sourceTree = "<group>"; };
		84D27DDB18D4B27200D888E0 /* OSodiumBox.m */ = {isa = PBXFileReference; fileEncoding = 4; lastKnownFileType = sourcecode.c.objc; path = OSodiumBox.m; sourceTree = "<group>"; };
		84D27DDD18D4B29900D888E0 /* OSodiumSign.h */ = {isa = PBXFileReference; fileEncoding = 4; lastKnownFileType = sourcecode.c.h; path = OSodiumSign.h; sourceTree = "<group>"; };
		84D27DDE18D4B29900D888E0 /* OSodiumSign.m */ = {isa = PBXFileReference; fileEncoding = 4; lastKnownFileType = sourcecode.c.objc; path = OSodiumSign.m; sourceTree = "<group>"; };
		84D27DE018D4C33200D888E0 /* Device+Create.h */ = {isa = PBXFileReference; fileEncoding = 4; lastKnownFileType = sourcecode.c.h; path = "Device+Create.h"; sourceTree = "<group>"; };
		84D27DE118D4C33200D888E0 /* Device+Create.m */ = {isa = PBXFileReference; fileEncoding = 4; lastKnownFileType = sourcecode.c.objc; path = "Device+Create.m"; sourceTree = "<group>"; };
/* End PBXFileReference section */

/* Begin PBXFrameworksBuildPhase section */
		84C1B36E18BE8AA100C77138 /* Frameworks */ = {
			isa = PBXFrameworksBuildPhase;
			buildActionMask = 2147483647;
			files = (
				8454B7B118D5F76E0046624C /* AddressBook.framework in Frameworks */,
				8454B7AF18D5F4990046624C /* AddressBookUI.framework in Frameworks */,
				8454B7AA18D5F2800046624C /* AssetsLibrary.framework in Frameworks */,
				842ECF6A18CFD43B00AF6268 /* Security.framework in Frameworks */,
				842ECF6818CFD42F00AF6268 /* CFNetwork.framework in Frameworks */,
				849D456718C9D68F00201BF3 /* libsodium.a in Frameworks */,
				849D456618C9AC3700201BF3 /* MQTTClient.framework in Frameworks */,
				84C1B37718BE8AA100C77138 /* CoreGraphics.framework in Frameworks */,
				84C1B37918BE8AA100C77138 /* UIKit.framework in Frameworks */,
				84C1B37518BE8AA100C77138 /* Foundation.framework in Frameworks */,
			);
			runOnlyForDeploymentPostprocessing = 0;
		};
		84C1B39518BE8AA100C77138 /* Frameworks */ = {
			isa = PBXFrameworksBuildPhase;
			buildActionMask = 2147483647;
			files = (
				84C1B39A18BE8AA100C77138 /* XCTest.framework in Frameworks */,
				84C1B39C18BE8AA100C77138 /* UIKit.framework in Frameworks */,
				84C1B39B18BE8AA100C77138 /* Foundation.framework in Frameworks */,
			);
			runOnlyForDeploymentPostprocessing = 0;
		};
/* End PBXFrameworksBuildPhase section */

/* Begin PBXGroup section */
		842CB21018BFC24D00804D8D /* Products */ = {
			isa = PBXGroup;
			children = (
				842CB21618BFC24D00804D8D /* libMQTTClient.a */,
				842CB21818BFC24D00804D8D /* MQTTClientTests.xctest */,
			);
			name = Products;
			sourceTree = "<group>";
		};
		842CB23618BFCA4800804D8D /* CoreData */ = {
			isa = PBXGroup;
			children = (
				8418BB5018E1A50A00DF490A /* User.h */,
				8418BB5118E1A50A00DF490A /* User.m */,
				842CB24718BFCCC800804D8D /* YPOM.xcdatamodeld */,
				848DE89518E18C2C00D83584 /* Group.h */,
				848DE89618E18C2C00D83584 /* Group.m */,
				848DE89218E18C2C00D83584 /* Message.h */,
				848DE89318E18C2C00D83584 /* Message.m */,
				848DE88F18E18C2C00D83584 /* Myself.h */,
				848DE89018E18C2C00D83584 /* Myself.m */,
				848DE88C18E18C2B00D83584 /* UserGroup.h */,
				848DE88D18E18C2B00D83584 /* UserGroup.m */,
				848DE88918E18C2B00D83584 /* Device.h */,
				848DE88A18E18C2B00D83584 /* Device.m */,
				848DE88618E18C2B00D83584 /* Broker.h */,
				848DE88718E18C2B00D83584 /* Broker.m */,
				8459A4C118DC423A007098EB /* Group+Create.h */,
				8459A4C218DC423A007098EB /* Group+Create.m */,
				842CB27718BFEAB100804D8D /* CoreDataTVC.h */,
				842CB27818BFEAB100804D8D /* CoreDataTVC.m */,
				842CB26218BFCEAE00804D8D /* Myself+Create.h */,
				842CB26318BFCEAE00804D8D /* Myself+Create.m */,
				842CB26518BFCEC900804D8D /* User+Create.h */,
				842CB26618BFCEC900804D8D /* User+Create.m */,
				842CB26818BFCEDC00804D8D /* Broker+Create.h */,
				842CB26918BFCEDC00804D8D /* Broker+Create.m */,
				842CB26B18BFCEF300804D8D /* Message+Create.h */,
				842CB26C18BFCEF300804D8D /* Message+Create.m */,
				84D27DE018D4C33200D888E0 /* Device+Create.h */,
				84D27DE118D4C33200D888E0 /* Device+Create.m */,
			);
			name = CoreData;
			sourceTree = "<group>";
		};
		842ECF6618CFD41600AF6268 /* NWPusher */ = {
			isa = PBXGroup;
			children = (
				842ECF5118CFD40D00AF6268 /* ioSock.c */,
				842ECF5218CFD40D00AF6268 /* ioSock.h */,
				842ECF5318CFD40D00AF6268 /* NWHub.h */,
				842ECF5418CFD40D00AF6268 /* NWHub.m */,
				842ECF5518CFD40D00AF6268 /* NWNotification.h */,
				842ECF5618CFD40D00AF6268 /* NWNotification.m */,
				842ECF5718CFD40D00AF6268 /* NWPusher.h */,
				842ECF5818CFD40D00AF6268 /* NWPusher.m */,
				842ECF5918CFD40D00AF6268 /* NWPushFeedback.h */,
				842ECF5A18CFD40D00AF6268 /* NWPushFeedback.m */,
				842ECF5B18CFD40D00AF6268 /* NWSecTools.h */,
				842ECF5C18CFD40D00AF6268 /* NWSecTools.m */,
				842ECF5D18CFD40D00AF6268 /* NWSSLConnection.h */,
				842ECF5E18CFD40D00AF6268 /* NWSSLConnection.m */,
			);
			name = NWPusher;
			sourceTree = "<group>";
		};
		849D452418C9088000201BF3 /* sodium */ = {
			isa = PBXGroup;
			children = (
				849D452518C9088000201BF3 /* core.h */,
				849D452618C9088000201BF3 /* crypto_auth.h */,
				849D452718C9088000201BF3 /* crypto_auth_hmacsha256.h */,
				849D452818C9088000201BF3 /* crypto_auth_hmacsha512256.h */,
				849D452918C9088000201BF3 /* crypto_box.h */,
				849D452A18C9088000201BF3 /* crypto_box_curve25519xsalsa20poly1305.h */,
				849D452B18C9088000201BF3 /* crypto_core_hsalsa20.h */,
				849D452C18C9088000201BF3 /* crypto_core_salsa20.h */,
				849D452D18C9088000201BF3 /* crypto_core_salsa2012.h */,
				849D452E18C9088000201BF3 /* crypto_core_salsa208.h */,
				849D452F18C9088000201BF3 /* crypto_generichash.h */,
				849D453018C9088000201BF3 /* crypto_generichash_blake2b.h */,
				849D453118C9088000201BF3 /* crypto_hash.h */,
				849D453218C9088000201BF3 /* crypto_hash_sha256.h */,
				849D453318C9088000201BF3 /* crypto_hash_sha512.h */,
				849D453418C9088000201BF3 /* crypto_hashblocks_sha256.h */,
				849D453518C9088000201BF3 /* crypto_hashblocks_sha512.h */,
				849D453618C9088000201BF3 /* crypto_int32.h */,
				849D453718C9088000201BF3 /* crypto_int64.h */,
				849D453818C9088000201BF3 /* crypto_onetimeauth.h */,
				849D453918C9088000201BF3 /* crypto_onetimeauth_poly1305.h */,
				849D453A18C9088000201BF3 /* crypto_onetimeauth_poly1305_53.h */,
				849D453B18C9088000201BF3 /* crypto_onetimeauth_poly1305_donna.h */,
				849D453C18C9088000201BF3 /* crypto_scalarmult.h */,
				849D453D18C9088000201BF3 /* crypto_scalarmult_curve25519.h */,
				849D453E18C9088000201BF3 /* crypto_secretbox.h */,
				849D453F18C9088000201BF3 /* crypto_secretbox_xsalsa20poly1305.h */,
				849D454018C9088000201BF3 /* crypto_shorthash.h */,
				849D454118C9088000201BF3 /* crypto_shorthash_siphash24.h */,
				849D454218C9088000201BF3 /* crypto_sign.h */,
				849D454318C9088000201BF3 /* crypto_sign_ed25519.h */,
				849D454418C9088000201BF3 /* crypto_sign_edwards25519sha512batch.h */,
				849D454518C9088000201BF3 /* crypto_stream.h */,
				849D454618C9088000201BF3 /* crypto_stream_aes128ctr.h */,
				849D454718C9088000201BF3 /* crypto_stream_aes256estream.h */,
				849D454818C9088000201BF3 /* crypto_stream_salsa20.h */,
				849D454918C9088000201BF3 /* crypto_stream_salsa2012.h */,
				849D454A18C9088000201BF3 /* crypto_stream_salsa208.h */,
				849D454B18C9088000201BF3 /* crypto_stream_xsalsa20.h */,
				849D454C18C9088000201BF3 /* crypto_uint16.h */,
				849D454D18C9088000201BF3 /* crypto_uint32.h */,
				849D454E18C9088000201BF3 /* crypto_uint64.h */,
				849D454F18C9088000201BF3 /* crypto_uint8.h */,
				849D455018C9088000201BF3 /* crypto_verify_16.h */,
				849D455118C9088000201BF3 /* crypto_verify_32.h */,
				849D455218C9088000201BF3 /* export.h */,
				849D455318C9088000201BF3 /* randombytes.h */,
				849D455418C9088000201BF3 /* randombytes_salsa20_random.h */,
				849D455518C9088000201BF3 /* randombytes_sysrandom.h */,
				849D455618C9088000201BF3 /* utils.h */,
				849D455718C9088000201BF3 /* version.h */,
			);
			path = sodium;
			sourceTree = "<group>";
		};
		849D455C18C908A900201BF3 /* lib */ = {
			isa = PBXGroup;
			children = (
				849D455D18C908A900201BF3 /* libsodium.a */,
			);
			path = lib;
			sourceTree = "<group>";
		};
		84C1B36818BE8AA100C77138 = {
			isa = PBXGroup;
			children = (
				8454B7B918D744240046624C /* YPOM_Dev.mobileprovision */,
				84D27DAC18D48D2400D888E0 /* OSodium.h */,
				84D27DAD18D48D2400D888E0 /* OSodium.m */,
				84D27DAF18D48FC400D888E0 /* OSodiumSecretBox.h */,
				84D27DB018D48FC400D888E0 /* OSodiumSecretBox.m */,
				84D27DDA18D4B27200D888E0 /* OSodiumBox.h */,
				84D27DDB18D4B27200D888E0 /* OSodiumBox.m */,
				84D27DDD18D4B29900D888E0 /* OSodiumSign.h */,
				84D27DDE18D4B29900D888E0 /* OSodiumSign.m */,
				842ECF6D18CFD60200AF6268 /* ypom-dev.p12 */,
				842ECF6618CFD41600AF6268 /* NWPusher */,
				849D455C18C908A900201BF3 /* lib */,
				849D452418C9088000201BF3 /* sodium */,
				849D455818C9088000201BF3 /* sodium.h */,
				84CC0E9218C7554D00D5985E /* NSString+stringWithData.h */,
				84CC0E9318C7554D00D5985E /* NSString+stringWithData.m */,
				84CC0E8C18C7544D00D5985E /* NSString+HexToData.h */,
				84CC0E8D18C7544D00D5985E /* NSString+HexToData.m */,
				849D456E18CCDA2600201BF3 /* NSString+hexStringWithData.h */,
				849D456F18CCDA2600201BF3 /* NSString+hexStringWithData.m */,
				847A5A3F18C4B24F004EF999 /* base32.h */,
				847A5A4018C4B24F004EF999 /* base32.c */,
				847A52DA18C3DE45004EF999 /* isutf8.c */,
				847A52DC18C3DE60004EF999 /* isutf8.h */,
				842CB23618BFCA4800804D8D /* CoreData */,
				84C1B37A18BE8AA100C77138 /* ypom */,
				84C1B39F18BE8AA100C77138 /* ypomTests */,
				84C1B37318BE8AA100C77138 /* Frameworks */,
				84C1B37218BE8AA100C77138 /* Products */,
			);
			sourceTree = "<group>";
		};
		84C1B37218BE8AA100C77138 /* Products */ = {
			isa = PBXGroup;
			children = (
				84C1B37118BE8AA100C77138 /* ypom.app */,
				84C1B39818BE8AA100C77138 /* ypomTests.xctest */,
			);
			name = Products;
			sourceTree = "<group>";
		};
		84C1B37318BE8AA100C77138 /* Frameworks */ = {
			isa = PBXGroup;
			children = (
				8454B7B018D5F76E0046624C /* AddressBook.framework */,
				8454B7AE18D5F4990046624C /* AddressBookUI.framework */,
				8454B7A918D5F2800046624C /* AssetsLibrary.framework */,
				842ECF6918CFD43B00AF6268 /* Security.framework */,
				842ECF6718CFD42F00AF6268 /* CFNetwork.framework */,
				849D456518C9AC3700201BF3 /* MQTTClient.framework */,
				842CB20F18BFC24D00804D8D /* MQTTClient.xcodeproj */,
				84C1B37418BE8AA100C77138 /* Foundation.framework */,
				84C1B37618BE8AA100C77138 /* CoreGraphics.framework */,
				84C1B37818BE8AA100C77138 /* UIKit.framework */,
				84C1B39918BE8AA100C77138 /* XCTest.framework */,
			);
			name = Frameworks;
			sourceTree = "<group>";
		};
		84C1B37A18BE8AA100C77138 /* ypom */ = {
			isa = PBXGroup;
			children = (
				84C1B38318BE8AA100C77138 /* YPOMAppDelegate.h */,
				84C1B38418BE8AA100C77138 /* YPOMAppDelegate.m */,
				8459A4F818DCAFEA007098EB /* YPOMInvitation.h */,
				8459A4F918DCAFEA007098EB /* YPOMInvitation.m */,
				842ECF7718D0BE5F00AF6268 /* YPOMTheme.h */,
				842ECF7818D0BE5F00AF6268 /* YPOMTheme.m */,
				8454B7BB18D8EE090046624C /* YPOMThemes.h */,
				8454B7BC18D8EE090046624C /* YPOMThemes.m */,
				841F41C018D20F5700D1586D /* YPOMThemes.plist */,
				84C1B3AF18BE8B1300C77138 /* YPOM.h */,
				84C1B3B018BE8B1300C77138 /* YPOM.m */,
				84CC0E9518C7584F00D5985E /* YPOM+Wire.h */,
				84CC0E9618C7584F00D5985E /* YPOM+Wire.m */,
				841F41C518D21D0700D1586D /* YPOMThemesTVC.h */,
				841F41C618D21D0700D1586D /* YPOMThemesTVC.m */,
				841F41C818D2213900D1586D /* YPOMUserExperienceTVC.h */,
				841F41C918D2213900D1586D /* YPOMUserExperienceTVC.m */,
				849D457518CCE6EA00201BF3 /* YPOMImageVC.h */,
				849D457618CCE6EA00201BF3 /* YPOMImageVC.m */,
				8470C4C218C2B9DE00133A87 /* YPOMNewTVCell.h */,
				8470C4C318C2B9DE00133A87 /* YPOMNewTVCell.m */,
				8470C49818C2785600133A87 /* YPOMSettingsTVC.h */,
				8470C49918C2785600133A87 /* YPOMSettingsTVC.m */,
				842CB27918BFEAB100804D8D /* YPOMUsersTVC.h */,
				842CB27A18BFEAB100804D8D /* YPOMUsersTVC.m */,
				84A3623518DC4001009EE9C7 /* YPOMGroupsTVC.h */,
				84A3623618DC4001009EE9C7 /* YPOMGroupsTVC.m */,
				842CB28318BFFD7500804D8D /* YPOMMessagesTVC.h */,
				842CB28418BFFD7500804D8D /* YPOMMessagesTVC.m */,
				8459A4C418DC973B007098EB /* YPOMMembersTVC.h */,
				8459A4C518DC973B007098EB /* YPOMMembersTVC.m */,
				8459A4C718DC975B007098EB /* YPOMGroupTVC.h */,
				8459A4C818DC975B007098EB /* YPOMGroupTVC.m */,
				8459A4CA18DC977B007098EB /* YPOMInviteMembersTVC.h */,
				8459A4CB18DC977B007098EB /* YPOMInviteMembersTVC.m */,
				84C1B39218BE8AA100C77138 /* Images.xcassets */,
				84C1B37B18BE8AA100C77138 /* Supporting Files */,
			);
			path = ypom;
			sourceTree = "<group>";
		};
		84C1B37B18BE8AA100C77138 /* Supporting Files */ = {
			isa = PBXGroup;
			children = (
				84C1B38618BE8AA100C77138 /* Main_iPhone.storyboard */,
				84C1B37C18BE8AA100C77138 /* ypom-Info.plist */,
				84C1B37D18BE8AA100C77138 /* InfoPlist.strings */,
				84C1B38018BE8AA100C77138 /* main.m */,
				84C1B38218BE8AA100C77138 /* ypom-Prefix.pch */,
				842ECF4C18CFC31C00AF6268 /* ypom.entitlements */,
			);
			name = "Supporting Files";
			sourceTree = "<group>";
		};
		84C1B39F18BE8AA100C77138 /* ypomTests */ = {
			isa = PBXGroup;
			children = (
				84C1B3A518BE8AA100C77138 /* ypomTests.m */,
				84C1B3A018BE8AA100C77138 /* Supporting Files */,
			);
			path = ypomTests;
			sourceTree = "<group>";
		};
		84C1B3A018BE8AA100C77138 /* Supporting Files */ = {
			isa = PBXGroup;
			children = (
				84C1B3A118BE8AA100C77138 /* ypomTests-Info.plist */,
				84C1B3A218BE8AA100C77138 /* InfoPlist.strings */,
			);
			name = "Supporting Files";
			sourceTree = "<group>";
		};
/* End PBXGroup section */

/* Begin PBXNativeTarget section */
		84C1B37018BE8AA100C77138 /* ypom */ = {
			isa = PBXNativeTarget;
			buildConfigurationList = 84C1B3A918BE8AA100C77138 /* Build configuration list for PBXNativeTarget "ypom" */;
			buildPhases = (
				84C1B36D18BE8AA100C77138 /* Sources */,
				84C1B36E18BE8AA100C77138 /* Frameworks */,
				84C1B36F18BE8AA100C77138 /* Resources */,
			);
			buildRules = (
			);
			dependencies = (
			);
			name = ypom;
			productName = ypom;
			productReference = 84C1B37118BE8AA100C77138 /* ypom.app */;
			productType = "com.apple.product-type.application";
		};
		84C1B39718BE8AA100C77138 /* ypomTests */ = {
			isa = PBXNativeTarget;
			buildConfigurationList = 84C1B3AC18BE8AA100C77138 /* Build configuration list for PBXNativeTarget "ypomTests" */;
			buildPhases = (
				84C1B39418BE8AA100C77138 /* Sources */,
				84C1B39518BE8AA100C77138 /* Frameworks */,
				84C1B39618BE8AA100C77138 /* Resources */,
			);
			buildRules = (
			);
			dependencies = (
				84C1B39E18BE8AA100C77138 /* PBXTargetDependency */,
			);
			name = ypomTests;
			productName = ypomTests;
			productReference = 84C1B39818BE8AA100C77138 /* ypomTests.xctest */;
			productType = "com.apple.product-type.bundle.unit-test";
		};
/* End PBXNativeTarget section */

/* Begin PBXProject section */
		84C1B36918BE8AA100C77138 /* Project object */ = {
			isa = PBXProject;
			attributes = {
				CLASSPREFIX = YPOM;
				LastUpgradeCheck = 0510;
				ORGANIZATIONNAME = "Christoph Krey";
				TargetAttributes = {
					84C1B37018BE8AA100C77138 = {
						DevelopmentTeam = C652JFWU23;
						SystemCapabilities = {
							com.apple.BackgroundModes = {
								enabled = 1;
							};
							com.apple.DataProtection = {
								enabled = 0;
							};
						};
					};
					84C1B39718BE8AA100C77138 = {
						TestTargetID = 84C1B37018BE8AA100C77138;
					};
				};
			};
			buildConfigurationList = 84C1B36C18BE8AA100C77138 /* Build configuration list for PBXProject "ypom" */;
			compatibilityVersion = "Xcode 3.2";
			developmentRegion = English;
			hasScannedForEncodings = 0;
			knownRegions = (
				en,
				Base,
			);
			mainGroup = 84C1B36818BE8AA100C77138;
			productRefGroup = 84C1B37218BE8AA100C77138 /* Products */;
			projectDirPath = "";
			projectReferences = (
				{
					ProductGroup = 842CB21018BFC24D00804D8D /* Products */;
					ProjectRef = 842CB20F18BFC24D00804D8D /* MQTTClient.xcodeproj */;
				},
			);
			projectRoot = "";
			targets = (
				84C1B37018BE8AA100C77138 /* ypom */,
				84C1B39718BE8AA100C77138 /* ypomTests */,
			);
		};
/* End PBXProject section */

/* Begin PBXReferenceProxy section */
		842CB21618BFC24D00804D8D /* libMQTTClient.a */ = {
			isa = PBXReferenceProxy;
			fileType = archive.ar;
			path = libMQTTClient.a;
			remoteRef = 842CB21518BFC24D00804D8D /* PBXContainerItemProxy */;
			sourceTree = BUILT_PRODUCTS_DIR;
		};
		842CB21818BFC24D00804D8D /* MQTTClientTests.xctest */ = {
			isa = PBXReferenceProxy;
			fileType = wrapper.cfbundle;
			path = MQTTClientTests.xctest;
			remoteRef = 842CB21718BFC24D00804D8D /* PBXContainerItemProxy */;
			sourceTree = BUILT_PRODUCTS_DIR;
		};
/* End PBXReferenceProxy section */

/* Begin PBXResourcesBuildPhase section */
		84C1B36F18BE8AA100C77138 /* Resources */ = {
			isa = PBXResourcesBuildPhase;
			buildActionMask = 2147483647;
			files = (
				842ECF4D18CFC31C00AF6268 /* ypom.entitlements in Resources */,
				842ECF6E18CFD60200AF6268 /* ypom-dev.p12 in Resources */,
				841F41C118D20F5700D1586D /* YPOMThemes.plist in Resources */,
				84C1B39318BE8AA100C77138 /* Images.xcassets in Resources */,
				84C1B38818BE8AA100C77138 /* Main_iPhone.storyboard in Resources */,
				84C1B37F18BE8AA100C77138 /* InfoPlist.strings in Resources */,
			);
			runOnlyForDeploymentPostprocessing = 0;
		};
		84C1B39618BE8AA100C77138 /* Resources */ = {
			isa = PBXResourcesBuildPhase;
			buildActionMask = 2147483647;
			files = (
				84C1B3A418BE8AA100C77138 /* InfoPlist.strings in Resources */,
			);
			runOnlyForDeploymentPostprocessing = 0;
		};
/* End PBXResourcesBuildPhase section */

/* Begin PBXSourcesBuildPhase section */
		84C1B36D18BE8AA100C77138 /* Sources */ = {
			isa = PBXSourcesBuildPhase;
			buildActionMask = 2147483647;
			files = (
				842ECF6418CFD40D00AF6268 /* NWSecTools.m in Sources */,
				84D27DDF18D4B29900D888E0 /* OSodiumSign.m in Sources */,
				842ECF5F18CFD40D00AF6268 /* ioSock.c in Sources */,
				842CB27C18BFEAB100804D8D /* YPOMUsersTVC.m in Sources */,
				847A52DB18C3DE45004EF999 /* isutf8.c in Sources */,
				842ECF6318CFD40D00AF6268 /* NWPushFeedback.m in Sources */,
				84C1B3B118BE8B1300C77138 /* YPOM.m in Sources */,
				848DE88B18E18C2B00D83584 /* Device.m in Sources */,
				8470C4C418C2B9DE00133A87 /* YPOMNewTVCell.m in Sources */,
				84D27DAE18D48D2400D888E0 /* OSodium.m in Sources */,
				842CB28518BFFD7500804D8D /* YPOMMessagesTVC.m in Sources */,
				84C1B38118BE8AA100C77138 /* main.m in Sources */,
				8470C49A18C2785600133A87 /* YPOMSettingsTVC.m in Sources */,
				848DE89118E18C2C00D83584 /* Myself.m in Sources */,
				8459A4FA18DCAFEA007098EB /* YPOMInvitation.m in Sources */,
				848DE89718E18C2C00D83584 /* Group.m in Sources */,
				842CB26718BFCEC900804D8D /* User+Create.m in Sources */,
				842ECF6018CFD40D00AF6268 /* NWHub.m in Sources */,
				84C1B38518BE8AA100C77138 /* YPOMAppDelegate.m in Sources */,
				842ECF6518CFD40D00AF6268 /* NWSSLConnection.m in Sources */,
				8459A4CC18DC977B007098EB /* YPOMInviteMembersTVC.m in Sources */,
				841F41C718D21D0700D1586D /* YPOMThemesTVC.m in Sources */,
				84A3623718DC4001009EE9C7 /* YPOMGroupsTVC.m in Sources */,
				849D457018CCDA2600201BF3 /* NSString+hexStringWithData.m in Sources */,
				84CC0E8E18C7544D00D5985E /* NSString+HexToData.m in Sources */,
				84CC0E9718C7584F00D5985E /* YPOM+Wire.m in Sources */,
				84D27DE218D4C33200D888E0 /* Device+Create.m in Sources */,
				847A5A4118C4B24F004EF999 /* base32.c in Sources */,
				842CB24918BFCCC800804D8D /* YPOM.xcdatamodeld in Sources */,
				848DE89418E18C2C00D83584 /* Message.m in Sources */,
				84D27DDC18D4B27200D888E0 /* OSodiumBox.m in Sources */,
				842ECF6118CFD40D00AF6268 /* NWNotification.m in Sources */,
				848DE88E18E18C2B00D83584 /* UserGroup.m in Sources */,
				842CB26418BFCEAE00804D8D /* Myself+Create.m in Sources */,
				841F41CA18D2213900D1586D /* YPOMUserExperienceTVC.m in Sources */,
				842ECF6218CFD40D00AF6268 /* NWPusher.m in Sources */,
				8418BB5218E1A50A00DF490A /* User.m in Sources */,
				84D27DB118D48FC400D888E0 /* OSodiumSecretBox.m in Sources */,
				849D457718CCE6EA00201BF3 /* YPOMImageVC.m in Sources */,
				848DE88818E18C2B00D83584 /* Broker.m in Sources */,
				842CB26A18BFCEDC00804D8D /* Broker+Create.m in Sources */,
				8454B7BD18D8EE090046624C /* YPOMThemes.m in Sources */,
				84CC0E9418C7554D00D5985E /* NSString+stringWithData.m in Sources */,
				8459A4C918DC975B007098EB /* YPOMGroupTVC.m in Sources */,
				842CB27B18BFEAB100804D8D /* CoreDataTVC.m in Sources */,
				8459A4C618DC973B007098EB /* YPOMMembersTVC.m in Sources */,
				8459A4C318DC423A007098EB /* Group+Create.m in Sources */,
				842CB26D18BFCEF300804D8D /* Message+Create.m in Sources */,
				842ECF7918D0BE5F00AF6268 /* YPOMTheme.m in Sources */,
			);
			runOnlyForDeploymentPostprocessing = 0;
		};
		84C1B39418BE8AA100C77138 /* Sources */ = {
			isa = PBXSourcesBuildPhase;
			buildActionMask = 2147483647;
			files = (
				84C1B3A618BE8AA100C77138 /* ypomTests.m in Sources */,
			);
			runOnlyForDeploymentPostprocessing = 0;
		};
/* End PBXSourcesBuildPhase section */

/* Begin PBXTargetDependency section */
		84C1B39E18BE8AA100C77138 /* PBXTargetDependency */ = {
			isa = PBXTargetDependency;
			target = 84C1B37018BE8AA100C77138 /* ypom */;
			targetProxy = 84C1B39D18BE8AA100C77138 /* PBXContainerItemProxy */;
		};
/* End PBXTargetDependency section */

/* Begin PBXVariantGroup section */
		84C1B37D18BE8AA100C77138 /* InfoPlist.strings */ = {
			isa = PBXVariantGroup;
			children = (
				84C1B37E18BE8AA100C77138 /* en */,
			);
			name = InfoPlist.strings;
			sourceTree = "<group>";
		};
		84C1B38618BE8AA100C77138 /* Main_iPhone.storyboard */ = {
			isa = PBXVariantGroup;
			children = (
				84C1B38718BE8AA100C77138 /* Base */,
			);
			name = Main_iPhone.storyboard;
			sourceTree = "<group>";
		};
		84C1B3A218BE8AA100C77138 /* InfoPlist.strings */ = {
			isa = PBXVariantGroup;
			children = (
				84C1B3A318BE8AA100C77138 /* en */,
			);
			name = InfoPlist.strings;
			sourceTree = "<group>";
		};
/* End PBXVariantGroup section */

/* Begin XCBuildConfiguration section */
		84C1B3A718BE8AA100C77138 /* Debug */ = {
			isa = XCBuildConfiguration;
			buildSettings = {
				ALWAYS_SEARCH_USER_PATHS = NO;
				CLANG_CXX_LANGUAGE_STANDARD = "gnu++0x";
				CLANG_CXX_LIBRARY = "libc++";
				CLANG_ENABLE_MODULES = YES;
				CLANG_ENABLE_OBJC_ARC = YES;
				CLANG_WARN_BOOL_CONVERSION = YES;
				CLANG_WARN_CONSTANT_CONVERSION = YES;
				CLANG_WARN_DIRECT_OBJC_ISA_USAGE = YES_ERROR;
				CLANG_WARN_EMPTY_BODY = YES;
				CLANG_WARN_ENUM_CONVERSION = YES;
				CLANG_WARN_INT_CONVERSION = YES;
				CLANG_WARN_OBJC_ROOT_CLASS = YES_ERROR;
				CLANG_WARN__DUPLICATE_METHOD_MATCH = YES;
				"CODE_SIGN_IDENTITY[sdk=iphoneos*]" = "iPhone Developer";
				COPY_PHASE_STRIP = NO;
				GCC_C_LANGUAGE_STANDARD = gnu99;
				GCC_DYNAMIC_NO_PIC = NO;
				GCC_OPTIMIZATION_LEVEL = 0;
				GCC_PREPROCESSOR_DEFINITIONS = (
					"DEBUG=1",
					"$(inherited)",
				);
				GCC_SYMBOLS_PRIVATE_EXTERN = NO;
				GCC_WARN_64_TO_32_BIT_CONVERSION = YES;
				GCC_WARN_ABOUT_RETURN_TYPE = YES_ERROR;
				GCC_WARN_UNDECLARED_SELECTOR = YES;
				GCC_WARN_UNINITIALIZED_AUTOS = YES;
				GCC_WARN_UNUSED_FUNCTION = YES;
				GCC_WARN_UNUSED_VARIABLE = YES;
				IPHONEOS_DEPLOYMENT_TARGET = 7.0;
				ONLY_ACTIVE_ARCH = YES;
				SDKROOT = iphoneos;
				TARGETED_DEVICE_FAMILY = "1,2";
			};
			name = Debug;
		};
		84C1B3A818BE8AA100C77138 /* Release */ = {
			isa = XCBuildConfiguration;
			buildSettings = {
				ALWAYS_SEARCH_USER_PATHS = NO;
				CLANG_CXX_LANGUAGE_STANDARD = "gnu++0x";
				CLANG_CXX_LIBRARY = "libc++";
				CLANG_ENABLE_MODULES = YES;
				CLANG_ENABLE_OBJC_ARC = YES;
				CLANG_WARN_BOOL_CONVERSION = YES;
				CLANG_WARN_CONSTANT_CONVERSION = YES;
				CLANG_WARN_DIRECT_OBJC_ISA_USAGE = YES_ERROR;
				CLANG_WARN_EMPTY_BODY = YES;
				CLANG_WARN_ENUM_CONVERSION = YES;
				CLANG_WARN_INT_CONVERSION = YES;
				CLANG_WARN_OBJC_ROOT_CLASS = YES_ERROR;
				CLANG_WARN__DUPLICATE_METHOD_MATCH = YES;
				"CODE_SIGN_IDENTITY[sdk=iphoneos*]" = "iPhone Developer";
				COPY_PHASE_STRIP = YES;
				ENABLE_NS_ASSERTIONS = NO;
				GCC_C_LANGUAGE_STANDARD = gnu99;
				GCC_WARN_64_TO_32_BIT_CONVERSION = YES;
				GCC_WARN_ABOUT_RETURN_TYPE = YES_ERROR;
				GCC_WARN_UNDECLARED_SELECTOR = YES;
				GCC_WARN_UNINITIALIZED_AUTOS = YES;
				GCC_WARN_UNUSED_FUNCTION = YES;
				GCC_WARN_UNUSED_VARIABLE = YES;
				IPHONEOS_DEPLOYMENT_TARGET = 7.0;
				SDKROOT = iphoneos;
				TARGETED_DEVICE_FAMILY = "1,2";
				VALIDATE_PRODUCT = YES;
			};
			name = Release;
		};
		84C1B3AA18BE8AA100C77138 /* Debug */ = {
			isa = XCBuildConfiguration;
			buildSettings = {
				ASSETCATALOG_COMPILER_APPICON_NAME = AppIcon;
				ASSETCATALOG_COMPILER_LAUNCHIMAGE_NAME = LaunchImage;
				CODE_SIGN_ENTITLEMENTS = ypom/ypom.entitlements;
				CODE_SIGN_IDENTITY = "iPhone Developer";
				"CODE_SIGN_IDENTITY[sdk=iphoneos*]" = "iPhone Developer: Christoph Krey (6MKVDT4YE6)";
				FRAMEWORK_SEARCH_PATHS = (
					"$(inherited)",
					"/Users/ckrey/MQTT-Client-Framework/MQTTClient/dist/MQTTClient.framework/Headers",
					"/Users/ckrey/MQTT-Client-Framework/MQTTClient/dist/MQTTClient.framework/Headers",
					"/Users/ckrey/MQTT-Client-Framework/MQTTClient/dist/MQTTClient.framework/Headers",
					"/Users/ckrey/MQTT-Client-Framework/MQTTClient/dist",
				);
				GCC_PRECOMPILE_PREFIX_HEADER = YES;
				GCC_PREFIX_HEADER = "ypom/ypom-Prefix.pch";
				HEADER_SEARCH_PATHS = (
					"$(inherited)",
					/Applications/Xcode.app/Contents/Developer/Toolchains/XcodeDefault.xctoolchain/usr/include,
					.,
				);
				INFOPLIST_FILE = "ypom/ypom-Info.plist";
				LIBRARY_SEARCH_PATHS = (
					"$(inherited)",
					/Users/ckrey/ypom/ypom/lib,
				);
				PRODUCT_NAME = "$(TARGET_NAME)";
				PROVISIONING_PROFILE = "";
				TARGETED_DEVICE_FAMILY = 1;
				WRAPPER_EXTENSION = app;
			};
			name = Debug;
		};
		84C1B3AB18BE8AA100C77138 /* Release */ = {
			isa = XCBuildConfiguration;
			buildSettings = {
				ASSETCATALOG_COMPILER_APPICON_NAME = AppIcon;
				ASSETCATALOG_COMPILER_LAUNCHIMAGE_NAME = LaunchImage;
				CODE_SIGN_ENTITLEMENTS = ypom/ypom.entitlements;
				CODE_SIGN_IDENTITY = "iPhone Developer";
				"CODE_SIGN_IDENTITY[sdk=iphoneos*]" = "iPhone Distribution: Christoph Krey (C652JFWU23)";
				FRAMEWORK_SEARCH_PATHS = (
					"$(inherited)",
					"/Users/ckrey/MQTT-Client-Framework/MQTTClient/dist/MQTTClient.framework/Headers",
					"/Users/ckrey/MQTT-Client-Framework/MQTTClient/dist/MQTTClient.framework/Headers",
					"/Users/ckrey/MQTT-Client-Framework/MQTTClient/dist/MQTTClient.framework/Headers",
					"/Users/ckrey/MQTT-Client-Framework/MQTTClient/dist",
				);
				GCC_PRECOMPILE_PREFIX_HEADER = YES;
				GCC_PREFIX_HEADER = "ypom/ypom-Prefix.pch";
				HEADER_SEARCH_PATHS = (
					"$(inherited)",
					/Applications/Xcode.app/Contents/Developer/Toolchains/XcodeDefault.xctoolchain/usr/include,
					.,
				);
				INFOPLIST_FILE = "ypom/ypom-Info.plist";
				LIBRARY_SEARCH_PATHS = (
					"$(inherited)",
					/Users/ckrey/ypom/ypom/lib,
				);
				PRODUCT_NAME = "$(TARGET_NAME)";
				PROVISIONING_PROFILE = "";
				TARGETED_DEVICE_FAMILY = 1;
				WRAPPER_EXTENSION = app;
			};
			name = Release;
		};
		84C1B3AD18BE8AA100C77138 /* Debug */ = {
			isa = XCBuildConfiguration;
			buildSettings = {
				BUNDLE_LOADER = "$(BUILT_PRODUCTS_DIR)/ypom.app/ypom";
				FRAMEWORK_SEARCH_PATHS = (
					"$(SDKROOT)/Developer/Library/Frameworks",
					"$(inherited)",
					"$(DEVELOPER_FRAMEWORKS_DIR)",
				);
				GCC_PRECOMPILE_PREFIX_HEADER = YES;
				GCC_PREFIX_HEADER = "ypom/ypom-Prefix.pch";
				GCC_PREPROCESSOR_DEFINITIONS = (
					"DEBUG=1",
					"$(inherited)",
				);
				INFOPLIST_FILE = "ypomTests/ypomTests-Info.plist";
				PRODUCT_NAME = "$(TARGET_NAME)";
				TEST_HOST = "$(BUNDLE_LOADER)";
				WRAPPER_EXTENSION = xctest;
			};
			name = Debug;
		};
		84C1B3AE18BE8AA100C77138 /* Release */ = {
			isa = XCBuildConfiguration;
			buildSettings = {
				BUNDLE_LOADER = "$(BUILT_PRODUCTS_DIR)/ypom.app/ypom";
				FRAMEWORK_SEARCH_PATHS = (
					"$(SDKROOT)/Developer/Library/Frameworks",
					"$(inherited)",
					"$(DEVELOPER_FRAMEWORKS_DIR)",
				);
				GCC_PRECOMPILE_PREFIX_HEADER = YES;
				GCC_PREFIX_HEADER = "ypom/ypom-Prefix.pch";
				INFOPLIST_FILE = "ypomTests/ypomTests-Info.plist";
				PRODUCT_NAME = "$(TARGET_NAME)";
				TEST_HOST = "$(BUNDLE_LOADER)";
				WRAPPER_EXTENSION = xctest;
			};
			name = Release;
		};
/* End XCBuildConfiguration section */

/* Begin XCConfigurationList section */
		84C1B36C18BE8AA100C77138 /* Build configuration list for PBXProject "ypom" */ = {
			isa = XCConfigurationList;
			buildConfigurations = (
				84C1B3A718BE8AA100C77138 /* Debug */,
				84C1B3A818BE8AA100C77138 /* Release */,
			);
			defaultConfigurationIsVisible = 0;
			defaultConfigurationName = Release;
		};
		84C1B3A918BE8AA100C77138 /* Build configuration list for PBXNativeTarget "ypom" */ = {
			isa = XCConfigurationList;
			buildConfigurations = (
				84C1B3AA18BE8AA100C77138 /* Debug */,
				84C1B3AB18BE8AA100C77138 /* Release */,
			);
			defaultConfigurationIsVisible = 0;
			defaultConfigurationName = Release;
		};
		84C1B3AC18BE8AA100C77138 /* Build configuration list for PBXNativeTarget "ypomTests" */ = {
			isa = XCConfigurationList;
			buildConfigurations = (
				84C1B3AD18BE8AA100C77138 /* Debug */,
				84C1B3AE18BE8AA100C77138 /* Release */,
			);
			defaultConfigurationIsVisible = 0;
			defaultConfigurationName = Release;
		};
/* End XCConfigurationList section */

/* Begin XCVersionGroup section */
		842CB24718BFCCC800804D8D /* YPOM.xcdatamodeld */ = {
			isa = XCVersionGroup;
			children = (
				84A3623B18DC418A009EE9C7 /* YPOM 0.3.xcdatamodel */,
				8459A4CD18DCA1AE007098EB /* YPOM 0.31.xcdatamodel */,
				84C9748618DCC5780048B22C /* YPOM 0.32.xcdatamodel */,
				84849E7818DD93AB00D65D02 /* YPOM 0.33.xcdatamodel */,
				8490DC1018DEDF65001F3459 /* YPOM 0.34.xcdatamodel */,
				848DE86718E189F900D83584 /* YPOM 0.35.xcdatamodel */,
				848DE89B18E18E8B00D83584 /* YPOM 0.36.xcdatamodel */,
				848DE89F18E1908300D83584 /* YPOM 0.37.xcdatamodel */,
				8418BB4718E1920000DF490A /* YPOM 0.38.xcdatamodel */,
				8418BB4B18E1A1C900DF490A /* YPOM 0.39.xcdatamodel */,
				8418BB4F18E1A4EC00DF490A /* YPOM 0.3A.xcdatamodel */,
				842CB24818BFCCC800804D8D /* YPOM.xcdatamodel */,
			);
			currentVersion = 8418BB4F18E1A4EC00DF490A /* YPOM 0.3A.xcdatamodel */;
			path = YPOM.xcdatamodeld;
			sourceTree = "<group>";
			versionGroupType = wrapper.xcdatamodel;
		};
/* End XCVersionGroup section */
	};
	rootObject = 84C1B36918BE8AA100C77138 /* Project object */;
}
